
Microsoft Visual Studio Solution File, Format Version 12.00
# Visual Studio Version 17
Project("{2150E333-8FDC-42A3-9474-1A3956D46DE8}") = "source", "source", "{969CE16F-65FD-4301-A916-0C128FB84EA5}"
EndProject
Project("{2150E333-8FDC-42A3-9474-1A3956D46DE8}") = "Common", "Common", "{A1B2C3D4-0001-0001-0001-000000000001}"
EndProject
Project("{2150E333-8FDC-42A3-9474-1A3956D46DE8}") = "Credentials", "Credentials", "{A1B2C3D4-0001-0001-0001-000000000002}"
EndProject
Project("{2150E333-8FDC-42A3-9474-1A3956D46DE8}") = "Identity", "Identity", "{A1B2C3D4-0001-0001-0001-000000000003}"
EndProject
Project("{2150E333-8FDC-42A3-9474-1A3956D46DE8}") = "Providers", "Providers", "{A1B2C3D4-0001-0001-0001-000000000004}"
EndProject
Project("{2150E333-8FDC-42A3-9474-1A3956D46DE8}") = "Storage", "Storage", "{A1B2C3D4-0001-0001-0001-000000000005}"
EndProject
Project("{2150E333-8FDC-42A3-9474-1A3956D46DE8}") = "Orchestrations", "Orchestrations", "{A1B2C3D4-0001-0001-0001-000000000006}"
EndProject
Project("{2150E333-8FDC-42A3-9474-1A3956D46DE8}") = "Projects", "Projects", "{A1B2C3D4-0001-0001-0001-000000000008}"
EndProject
Project("{2150E333-8FDC-42A3-9474-1A3956D46DE8}") = "test", "test", "{5897687E-62CC-4170-B568-E63F0CA9FF13}"
EndProject
Project("{2150E333-8FDC-42A3-9474-1A3956D46DE8}") = "test-Identity", "test-Identity", "{B1B2C3D4-0001-0001-0001-000000000001}"
EndProject
Project("{2150E333-8FDC-42A3-9474-1A3956D46DE8}") = "test-Providers", "test-Providers", "{B1B2C3D4-0001-0001-0001-000000000002}"
EndProject
Project("{2150E333-8FDC-42A3-9474-1A3956D46DE8}") = "test-Storage", "test-Storage", "{B1B2C3D4-0001-0001-0001-000000000003}"
EndProject
Project("{2150E333-8FDC-42A3-9474-1A3956D46DE8}") = "test-Credentials", "test-Credentials", "{B1B2C3D4-0001-0001-0001-000000000005}"
EndProject
Project("{2150E333-8FDC-42A3-9474-1A3956D46DE8}") = "test-Projects", "test-Projects", "{B1B2C3D4-0001-0001-0001-000000000007}"
EndProject
Project("{FAE04EC0-301F-11D3-BF4B-00C04F79EFBC}") = "DonkeyWork.Agents.Api", "src\DonkeyWork.Agents.Api\DonkeyWork.Agents.Api.csproj", "{00000001-0001-0001-0001-000000000001}"
EndProject
Project("{FAE04EC0-301F-11D3-BF4B-00C04F79EFBC}") = "DonkeyWork.Agents.Common.Contracts", "src\common\DonkeyWork.Agents.Common.Contracts\DonkeyWork.Agents.Common.Contracts.csproj", "{00000001-0001-0001-0001-000000000002}"
EndProject
Project("{FAE04EC0-301F-11D3-BF4B-00C04F79EFBC}") = "DonkeyWork.Agents.Persistence", "src\common\DonkeyWork.Agents.Persistence\DonkeyWork.Agents.Persistence.csproj", "{00000001-0001-0001-0001-000000000003}"
EndProject
Project("{FAE04EC0-301F-11D3-BF4B-00C04F79EFBC}") = "DonkeyWork.Agents.Credentials.Api", "src\credentials\DonkeyWork.Agents.Credentials.Api\DonkeyWork.Agents.Credentials.Api.csproj", "{00000001-0001-0001-0001-000000000004}"
EndProject
Project("{FAE04EC0-301F-11D3-BF4B-00C04F79EFBC}") = "DonkeyWork.Agents.Credentials.Contracts", "src\credentials\DonkeyWork.Agents.Credentials.Contracts\DonkeyWork.Agents.Credentials.Contracts.csproj", "{00000001-0001-0001-0001-000000000005}"
EndProject
Project("{FAE04EC0-301F-11D3-BF4B-00C04F79EFBC}") = "DonkeyWork.Agents.Credentials.Core", "src\credentials\DonkeyWork.Agents.Credentials.Core\DonkeyWork.Agents.Credentials.Core.csproj", "{00000001-0001-0001-0001-000000000006}"
EndProject
Project("{FAE04EC0-301F-11D3-BF4B-00C04F79EFBC}") = "DonkeyWork.Agents.Identity.Api", "src\identity\DonkeyWork.Agents.Identity.Api\DonkeyWork.Agents.Identity.Api.csproj", "{00000001-0001-0001-0001-000000000007}"
EndProject
Project("{FAE04EC0-301F-11D3-BF4B-00C04F79EFBC}") = "DonkeyWork.Agents.Identity.Contracts", "src\identity\DonkeyWork.Agents.Identity.Contracts\DonkeyWork.Agents.Identity.Contracts.csproj", "{00000001-0001-0001-0001-000000000008}"
EndProject
Project("{FAE04EC0-301F-11D3-BF4B-00C04F79EFBC}") = "DonkeyWork.Agents.Identity.Core", "src\identity\DonkeyWork.Agents.Identity.Core\DonkeyWork.Agents.Identity.Core.csproj", "{00000001-0001-0001-0001-000000000009}"
EndProject
Project("{FAE04EC0-301F-11D3-BF4B-00C04F79EFBC}") = "DonkeyWork.Agents.Providers.Api", "src\providers\DonkeyWork.Agents.Providers.Api\DonkeyWork.Agents.Providers.Api.csproj", "{00000001-0001-0001-0001-00000000000A}"
EndProject
Project("{FAE04EC0-301F-11D3-BF4B-00C04F79EFBC}") = "DonkeyWork.Agents.Providers.Contracts", "src\providers\DonkeyWork.Agents.Providers.Contracts\DonkeyWork.Agents.Providers.Contracts.csproj", "{00000001-0001-0001-0001-00000000000B}"
EndProject
Project("{FAE04EC0-301F-11D3-BF4B-00C04F79EFBC}") = "DonkeyWork.Agents.Providers.Core", "src\providers\DonkeyWork.Agents.Providers.Core\DonkeyWork.Agents.Providers.Core.csproj", "{00000001-0001-0001-0001-00000000000C}"
EndProject
Project("{FAE04EC0-301F-11D3-BF4B-00C04F79EFBC}") = "DonkeyWork.Agents.Storage.Api", "src\storage\DonkeyWork.Agents.Storage.Api\DonkeyWork.Agents.Storage.Api.csproj", "{00000001-0001-0001-0001-00000000000D}"
EndProject
Project("{FAE04EC0-301F-11D3-BF4B-00C04F79EFBC}") = "DonkeyWork.Agents.Storage.Contracts", "src\storage\DonkeyWork.Agents.Storage.Contracts\DonkeyWork.Agents.Storage.Contracts.csproj", "{00000001-0001-0001-0001-00000000000E}"
EndProject
Project("{FAE04EC0-301F-11D3-BF4B-00C04F79EFBC}") = "DonkeyWork.Agents.Storage.Core", "src\storage\DonkeyWork.Agents.Storage.Core\DonkeyWork.Agents.Storage.Core.csproj", "{00000001-0001-0001-0001-00000000000F}"
EndProject
Project("{FAE04EC0-301F-11D3-BF4B-00C04F79EFBC}") = "DonkeyWork.Agents.Orchestrations.Api", "src\orchestrations\DonkeyWork.Agents.Orchestrations.Api\DonkeyWork.Agents.Orchestrations.Api.csproj", "{00000002-0001-0001-0001-000000000001}"
EndProject
Project("{FAE04EC0-301F-11D3-BF4B-00C04F79EFBC}") = "DonkeyWork.Agents.Orchestrations.Contracts", "src\orchestrations\DonkeyWork.Agents.Orchestrations.Contracts\DonkeyWork.Agents.Orchestrations.Contracts.csproj", "{00000002-0001-0001-0001-000000000002}"
EndProject
Project("{FAE04EC0-301F-11D3-BF4B-00C04F79EFBC}") = "DonkeyWork.Agents.Orchestrations.Core", "src\orchestrations\DonkeyWork.Agents.Orchestrations.Core\DonkeyWork.Agents.Orchestrations.Core.csproj", "{00000002-0001-0001-0001-000000000003}"
EndProject
Project("{FAE04EC0-301F-11D3-BF4B-00C04F79EFBC}") = "DonkeyWork.Agents.Projects.Api", "src\projects\DonkeyWork.Agents.Projects.Api\DonkeyWork.Agents.Projects.Api.csproj", "{00000002-0001-0001-0001-000000000007}"
EndProject
Project("{FAE04EC0-301F-11D3-BF4B-00C04F79EFBC}") = "DonkeyWork.Agents.Projects.Contracts", "src\projects\DonkeyWork.Agents.Projects.Contracts\DonkeyWork.Agents.Projects.Contracts.csproj", "{00000002-0001-0001-0001-000000000008}"
EndProject
Project("{FAE04EC0-301F-11D3-BF4B-00C04F79EFBC}") = "DonkeyWork.Agents.Projects.Core", "src\projects\DonkeyWork.Agents.Projects.Core\DonkeyWork.Agents.Projects.Core.csproj", "{00000002-0001-0001-0001-000000000009}"
EndProject
Project("{FAE04EC0-301F-11D3-BF4B-00C04F79EFBC}") = "DonkeyWork.Agents.Identity.Core.Tests", "test\identity\DonkeyWork.Agents.Identity.Core.Tests\DonkeyWork.Agents.Identity.Core.Tests.csproj", "{00000001-0001-0001-0001-000000000010}"
EndProject
Project("{FAE04EC0-301F-11D3-BF4B-00C04F79EFBC}") = "DonkeyWork.Agents.Identity.Api.Tests", "test\identity\DonkeyWork.Agents.Identity.Api.Tests\DonkeyWork.Agents.Identity.Api.Tests.csproj", "{00000003-0001-0001-0001-000000000001}"
EndProject
Project("{FAE04EC0-301F-11D3-BF4B-00C04F79EFBC}") = "DonkeyWork.Agents.Providers.Contracts.Tests", "test\providers\DonkeyWork.Agents.Providers.Contracts.Tests\DonkeyWork.Agents.Providers.Contracts.Tests.csproj", "{00000001-0001-0001-0001-000000000011}"
EndProject
Project("{FAE04EC0-301F-11D3-BF4B-00C04F79EFBC}") = "DonkeyWork.Agents.Providers.Core.Tests", "test\providers\DonkeyWork.Agents.Providers.Core.Tests\DonkeyWork.Agents.Providers.Core.Tests.csproj", "{00000003-0001-0001-0001-000000000002}"
EndProject
Project("{FAE04EC0-301F-11D3-BF4B-00C04F79EFBC}") = "DonkeyWork.Agents.Storage.Tests", "test\storage\DonkeyWork.Agents.Storage.Tests\DonkeyWork.Agents.Storage.Tests.csproj", "{00000001-0001-0001-0001-000000000012}"
EndProject
Project("{FAE04EC0-301F-11D3-BF4B-00C04F79EFBC}") = "DonkeyWork.Agents.Credentials.Api.Tests", "test\credentials\DonkeyWork.Agents.Credentials.Api.Tests\DonkeyWork.Agents.Credentials.Api.Tests.csproj", "{00000003-0001-0001-0001-000000000005}"
EndProject
Project("{FAE04EC0-301F-11D3-BF4B-00C04F79EFBC}") = "DonkeyWork.Agents.Credentials.Core.Tests", "test\credentials\DonkeyWork.Agents.Credentials.Core.Tests\DonkeyWork.Agents.Credentials.Core.Tests.csproj", "{00000003-0001-0001-0001-000000000006}"
EndProject
Project("{FAE04EC0-301F-11D3-BF4B-00C04F79EFBC}") = "DonkeyWork.Agents.Projects.Core.Tests", "test\projects\DonkeyWork.Agents.Projects.Core.Tests\DonkeyWork.Agents.Projects.Core.Tests.csproj", "{00000003-0001-0001-0001-000000000008}"
EndProject
Project("{2150E333-8FDC-42A3-9474-1A3956D46DE8}") = "Common", "Common", "{881589EE-639B-0A35-DBCE-5D94E4FC90C0}"
EndProject
Project("{FAE04EC0-301F-11D3-BF4B-00C04F79EFBC}") = "DonkeyWork.Agents.Common.Sdk", "src\common\DonkeyWork.Agents.Common.Sdk\DonkeyWork.Agents.Common.Sdk.csproj", "{0CD5DD32-7880-49E4-AFC5-9A8E210FFE3F}"
EndProject
Project("{FAE04EC0-301F-11D3-BF4B-00C04F79EFBC}") = "DonkeyWork.Agents.Integration.Tests", "test\integration\DonkeyWork.Agents.Integration.Tests\DonkeyWork.Agents.Integration.Tests.csproj", "{F28FC9FA-E62C-431A-8846-18F3291E8BCF}"
EndProject
Project("{2150E333-8FDC-42A3-9474-1A3956D46DE8}") = "src", "src", "{827E0CD3-B72D-47B6-A68D-7590B98EB39B}"
EndProject
Project("{2150E333-8FDC-42A3-9474-1A3956D46DE8}") = "mcp", "mcp", "{F3846736-565B-9EA7-873C-5ACF842A7768}"
EndProject
Project("{FAE04EC0-301F-11D3-BF4B-00C04F79EFBC}") = "DonkeyWork.Agents.Mcp.Contracts", "src\mcp\DonkeyWork.Agents.Mcp.Contracts\DonkeyWork.Agents.Mcp.Contracts.csproj", "{45AF11A8-0EE8-4F26-B3BC-8BD42FAE8A46}"
EndProject
Project("{FAE04EC0-301F-11D3-BF4B-00C04F79EFBC}") = "DonkeyWork.Agents.Mcp.Core", "src\mcp\DonkeyWork.Agents.Mcp.Core\DonkeyWork.Agents.Mcp.Core.csproj", "{74A5996D-145A-44EC-8BB9-466C685F7D9B}"
EndProject
Project("{FAE04EC0-301F-11D3-BF4B-00C04F79EFBC}") = "DonkeyWork.Agents.Mcp.Core.Tests", "test\mcp\DonkeyWork.Agents.Mcp.Core.Tests\DonkeyWork.Agents.Mcp.Core.Tests.csproj", "{5B0D5FFC-9F8D-4177-AE7D-3E5888FB7356}"
EndProject
Project("{2150E333-8FDC-42A3-9474-1A3956D46DE8}") = "conversations", "conversations", "{9E6FAD30-692E-4A3E-8F65-E9B8B0BAB6CD}"
EndProject
Project("{FAE04EC0-301F-11D3-BF4B-00C04F79EFBC}") = "DonkeyWork.Agents.Conversations.Contracts", "src\conversations\DonkeyWork.Agents.Conversations.Contracts\DonkeyWork.Agents.Conversations.Contracts.csproj", "{A1C051A0-96AB-4BF4-9F73-DE5109CC81EE}"
EndProject
Project("{2150E333-8FDC-42A3-9474-1A3956D46DE8}") = "common", "common", "{BFF2DF6E-AA54-47C7-211F-79ACCBB4577C}"
EndProject
Project("{FAE04EC0-301F-11D3-BF4B-00C04F79EFBC}") = "DonkeyWork.Agents.Conversations.Core", "src\conversations\DonkeyWork.Agents.Conversations.Core\DonkeyWork.Agents.Conversations.Core.csproj", "{A4781A47-A322-4986-828C-BA0E6D668E75}"
EndProject
Project("{FAE04EC0-301F-11D3-BF4B-00C04F79EFBC}") = "DonkeyWork.Agents.Conversations.Api", "src\conversations\DonkeyWork.Agents.Conversations.Api\DonkeyWork.Agents.Conversations.Api.csproj", "{F8FC0306-0208-4642-96FF-8D46CB6473C2}"
EndProject
Project("{FAE04EC0-301F-11D3-BF4B-00C04F79EFBC}") = "DonkeyWork.Agents.Notifications.Contracts", "src\common\DonkeyWork.Agents.Notifications.Contracts\DonkeyWork.Agents.Notifications.Contracts.csproj", "{2029CC9A-DA29-4EE7-8425-28D88069AC4C}"
EndProject
Project("{FAE04EC0-301F-11D3-BF4B-00C04F79EFBC}") = "DonkeyWork.Agents.Notifications.Core", "src\common\DonkeyWork.Agents.Notifications.Core\DonkeyWork.Agents.Notifications.Core.csproj", "{A44C15E2-2240-4AA6-A3A1-2085E65CA940}"
EndProject
Project("{FAE04EC0-301F-11D3-BF4B-00C04F79EFBC}") = "DonkeyWork.Agents.Mcp.Api", "src\mcp\DonkeyWork.Agents.Mcp.Api\DonkeyWork.Agents.Mcp.Api.csproj", "{FDDC09EE-96C9-4F4D-8D49-C2780F6E3EA0}"
EndProject
Project("{2150E333-8FDC-42A3-9474-1A3956D46DE8}") = "sandbox", "sandbox", "{3D40F055-384E-DE04-BB81-B7972E166B19}"
EndProject
Project("{FAE04EC0-301F-11D3-BF4B-00C04F79EFBC}") = "CodeSandbox.Contracts", "src\sandbox\CodeSandbox.Contracts\CodeSandbox.Contracts.csproj", "{BCE9CCD4-374A-45D1-B416-A777FEB43771}"
EndProject
Project("{FAE04EC0-301F-11D3-BF4B-00C04F79EFBC}") = "CodeSandbox.Manager", "src\sandbox\CodeSandbox.Manager\CodeSandbox.Manager.csproj", "{7E90B326-492E-4BAF-AA72-F897E2E276F3}"
EndProject
Project("{FAE04EC0-301F-11D3-BF4B-00C04F79EFBC}") = "CodeSandbox.Executor", "src\sandbox\CodeSandbox.Executor\CodeSandbox.Executor.csproj", "{8BBEB677-B71C-47BD-9FC9-4210476F54C4}"
EndProject
Project("{FAE04EC0-301F-11D3-BF4B-00C04F79EFBC}") = "CodeSandbox.AuthProxy", "src\sandbox\CodeSandbox.AuthProxy\CodeSandbox.AuthProxy.csproj", "{6215B456-FE9C-424F-A71D-61F70D3A34FB}"
EndProject
Project("{FAE04EC0-301F-11D3-BF4B-00C04F79EFBC}") = "CodeSandbox.Executor.IntegrationTests", "test\sandbox\CodeSandbox.Executor.IntegrationTests\CodeSandbox.Executor.IntegrationTests.csproj", "{8108943B-20A2-4240-BDC1-0B6DBD825F3C}"
EndProject
Project("{2150E333-8FDC-42A3-9474-1A3956D46DE8}") = "Actors", "Actors", "{0D1ABEEB-E0AE-F2A4-D9AA-CFF3262AEDF2}"
EndProject
Project("{FAE04EC0-301F-11D3-BF4B-00C04F79EFBC}") = "DonkeyWork.Agents.Actors.Contracts", "src\actors\DonkeyWork.Agents.Actors.Contracts\DonkeyWork.Agents.Actors.Contracts.csproj", "{3507BD44-0DED-4D73-A428-7BB0007B2213}"
EndProject
Project("{FAE04EC0-301F-11D3-BF4B-00C04F79EFBC}") = "DonkeyWork.Agents.Actors.Core", "src\actors\DonkeyWork.Agents.Actors.Core\DonkeyWork.Agents.Actors.Core.csproj", "{AA13F208-6654-45D0-AB03-494A6E1F3A3F}"
EndProject
Project("{FAE04EC0-301F-11D3-BF4B-00C04F79EFBC}") = "DonkeyWork.Agents.Actors.Api", "src\actors\DonkeyWork.Agents.Actors.Api\DonkeyWork.Agents.Actors.Api.csproj", "{4EDCAA10-21C7-4F0F-863F-53262D569FEB}"
EndProject
Project("{2150E333-8FDC-42A3-9474-1A3956D46DE8}") = "lib", "lib", "{60F8C46A-F32D-BE63-A7A0-43DD10EE6710}"
EndProject
Project("{2150E333-8FDC-42A3-9474-1A3956D46DE8}") = "Actors", "Actors", "{E5D6EA82-A653-7C5B-7422-19243A5EB520}"
EndProject
Project("{FAE04EC0-301F-11D3-BF4B-00C04F79EFBC}") = "Orleans.Persistence.SeaweedFs", "src\lib\Orleans.Persistence.SeaweedFs\Orleans.Persistence.SeaweedFs.csproj", "{BCE8CAC9-38CB-4A5B-A0FA-4892FC911C4F}"
EndProject
Project("{FAE04EC0-301F-11D3-BF4B-00C04F79EFBC}") = "DonkeyWork.Agents.Actors.Tests", "test\actors\DonkeyWork.Agents.Actors.Tests\DonkeyWork.Agents.Actors.Tests.csproj", "{4713E1BB-E493-44A6-9807-3B1EA5AC7817}"
EndProject
Project("{2150E333-8FDC-42A3-9474-1A3956D46DE8}") = "sandbox", "sandbox", "{9DFD235D-26BF-3709-B283-D6F022DF8F5B}"
EndProject
Project("{FAE04EC0-301F-11D3-BF4B-00C04F79EFBC}") = "CodeSandbox.McpServer.Tests", "test\sandbox\CodeSandbox.McpServer.Tests\CodeSandbox.McpServer.Tests.csproj", "{A6BC5410-4DA0-4CF6-A850-93E83DCCE8C7}"
EndProject
Project("{FAE04EC0-301F-11D3-BF4B-00C04F79EFBC}") = "CodeSandbox.McpServer.IntegrationTests", "test\sandbox\CodeSandbox.McpServer.IntegrationTests\CodeSandbox.McpServer.IntegrationTests.csproj", "{4F02FFF1-5704-479E-91DD-B806730584D5}"
EndProject
Project("{FAE04EC0-301F-11D3-BF4B-00C04F79EFBC}") = "CodeSandbox.Manager.Contracts", "src\sandbox\CodeSandbox.Manager.Contracts\CodeSandbox.Manager.Contracts.csproj", "{928F4F51-7661-4867-9568-712B4F441B05}"
EndProject
Global
	GlobalSection(SolutionConfigurationPlatforms) = preSolution
		Debug|Any CPU = Debug|Any CPU
		Debug|x64 = Debug|x64
		Debug|x86 = Debug|x86
		Release|Any CPU = Release|Any CPU
		Release|x64 = Release|x64
		Release|x86 = Release|x86
	EndGlobalSection
	GlobalSection(ProjectConfigurationPlatforms) = postSolution
		{00000001-0001-0001-0001-000000000001}.Debug|Any CPU.ActiveCfg = Debug|Any CPU
		{00000001-0001-0001-0001-000000000001}.Debug|Any CPU.Build.0 = Debug|Any CPU
		{00000001-0001-0001-0001-000000000001}.Debug|x64.ActiveCfg = Debug|Any CPU
		{00000001-0001-0001-0001-000000000001}.Debug|x64.Build.0 = Debug|Any CPU
		{00000001-0001-0001-0001-000000000001}.Debug|x86.ActiveCfg = Debug|Any CPU
		{00000001-0001-0001-0001-000000000001}.Debug|x86.Build.0 = Debug|Any CPU
		{00000001-0001-0001-0001-000000000001}.Release|Any CPU.ActiveCfg = Release|Any CPU
		{00000001-0001-0001-0001-000000000001}.Release|Any CPU.Build.0 = Release|Any CPU
		{00000001-0001-0001-0001-000000000001}.Release|x64.ActiveCfg = Release|Any CPU
		{00000001-0001-0001-0001-000000000001}.Release|x64.Build.0 = Release|Any CPU
		{00000001-0001-0001-0001-000000000001}.Release|x86.ActiveCfg = Release|Any CPU
		{00000001-0001-0001-0001-000000000001}.Release|x86.Build.0 = Release|Any CPU
		{00000001-0001-0001-0001-000000000002}.Debug|Any CPU.ActiveCfg = Debug|Any CPU
		{00000001-0001-0001-0001-000000000002}.Debug|Any CPU.Build.0 = Debug|Any CPU
		{00000001-0001-0001-0001-000000000002}.Debug|x64.ActiveCfg = Debug|Any CPU
		{00000001-0001-0001-0001-000000000002}.Debug|x64.Build.0 = Debug|Any CPU
		{00000001-0001-0001-0001-000000000002}.Debug|x86.ActiveCfg = Debug|Any CPU
		{00000001-0001-0001-0001-000000000002}.Debug|x86.Build.0 = Debug|Any CPU
		{00000001-0001-0001-0001-000000000002}.Release|Any CPU.ActiveCfg = Release|Any CPU
		{00000001-0001-0001-0001-000000000002}.Release|Any CPU.Build.0 = Release|Any CPU
		{00000001-0001-0001-0001-000000000002}.Release|x64.ActiveCfg = Release|Any CPU
		{00000001-0001-0001-0001-000000000002}.Release|x64.Build.0 = Release|Any CPU
		{00000001-0001-0001-0001-000000000002}.Release|x86.ActiveCfg = Release|Any CPU
		{00000001-0001-0001-0001-000000000002}.Release|x86.Build.0 = Release|Any CPU
		{00000001-0001-0001-0001-000000000003}.Debug|Any CPU.ActiveCfg = Debug|Any CPU
		{00000001-0001-0001-0001-000000000003}.Debug|Any CPU.Build.0 = Debug|Any CPU
		{00000001-0001-0001-0001-000000000003}.Debug|x64.ActiveCfg = Debug|Any CPU
		{00000001-0001-0001-0001-000000000003}.Debug|x64.Build.0 = Debug|Any CPU
		{00000001-0001-0001-0001-000000000003}.Debug|x86.ActiveCfg = Debug|Any CPU
		{00000001-0001-0001-0001-000000000003}.Debug|x86.Build.0 = Debug|Any CPU
		{00000001-0001-0001-0001-000000000003}.Release|Any CPU.ActiveCfg = Release|Any CPU
		{00000001-0001-0001-0001-000000000003}.Release|Any CPU.Build.0 = Release|Any CPU
		{00000001-0001-0001-0001-000000000003}.Release|x64.ActiveCfg = Release|Any CPU
		{00000001-0001-0001-0001-000000000003}.Release|x64.Build.0 = Release|Any CPU
		{00000001-0001-0001-0001-000000000003}.Release|x86.ActiveCfg = Release|Any CPU
		{00000001-0001-0001-0001-000000000003}.Release|x86.Build.0 = Release|Any CPU
		{00000001-0001-0001-0001-000000000004}.Debug|Any CPU.ActiveCfg = Debug|Any CPU
		{00000001-0001-0001-0001-000000000004}.Debug|Any CPU.Build.0 = Debug|Any CPU
		{00000001-0001-0001-0001-000000000004}.Debug|x64.ActiveCfg = Debug|Any CPU
		{00000001-0001-0001-0001-000000000004}.Debug|x64.Build.0 = Debug|Any CPU
		{00000001-0001-0001-0001-000000000004}.Debug|x86.ActiveCfg = Debug|Any CPU
		{00000001-0001-0001-0001-000000000004}.Debug|x86.Build.0 = Debug|Any CPU
		{00000001-0001-0001-0001-000000000004}.Release|Any CPU.ActiveCfg = Release|Any CPU
		{00000001-0001-0001-0001-000000000004}.Release|Any CPU.Build.0 = Release|Any CPU
		{00000001-0001-0001-0001-000000000004}.Release|x64.ActiveCfg = Release|Any CPU
		{00000001-0001-0001-0001-000000000004}.Release|x64.Build.0 = Release|Any CPU
		{00000001-0001-0001-0001-000000000004}.Release|x86.ActiveCfg = Release|Any CPU
		{00000001-0001-0001-0001-000000000004}.Release|x86.Build.0 = Release|Any CPU
		{00000001-0001-0001-0001-000000000005}.Debug|Any CPU.ActiveCfg = Debug|Any CPU
		{00000001-0001-0001-0001-000000000005}.Debug|Any CPU.Build.0 = Debug|Any CPU
		{00000001-0001-0001-0001-000000000005}.Debug|x64.ActiveCfg = Debug|Any CPU
		{00000001-0001-0001-0001-000000000005}.Debug|x64.Build.0 = Debug|Any CPU
		{00000001-0001-0001-0001-000000000005}.Debug|x86.ActiveCfg = Debug|Any CPU
		{00000001-0001-0001-0001-000000000005}.Debug|x86.Build.0 = Debug|Any CPU
		{00000001-0001-0001-0001-000000000005}.Release|Any CPU.ActiveCfg = Release|Any CPU
		{00000001-0001-0001-0001-000000000005}.Release|Any CPU.Build.0 = Release|Any CPU
		{00000001-0001-0001-0001-000000000005}.Release|x64.ActiveCfg = Release|Any CPU
		{00000001-0001-0001-0001-000000000005}.Release|x64.Build.0 = Release|Any CPU
		{00000001-0001-0001-0001-000000000005}.Release|x86.ActiveCfg = Release|Any CPU
		{00000001-0001-0001-0001-000000000005}.Release|x86.Build.0 = Release|Any CPU
		{00000001-0001-0001-0001-000000000006}.Debug|Any CPU.ActiveCfg = Debug|Any CPU
		{00000001-0001-0001-0001-000000000006}.Debug|Any CPU.Build.0 = Debug|Any CPU
		{00000001-0001-0001-0001-000000000006}.Debug|x64.ActiveCfg = Debug|Any CPU
		{00000001-0001-0001-0001-000000000006}.Debug|x64.Build.0 = Debug|Any CPU
		{00000001-0001-0001-0001-000000000006}.Debug|x86.ActiveCfg = Debug|Any CPU
		{00000001-0001-0001-0001-000000000006}.Debug|x86.Build.0 = Debug|Any CPU
		{00000001-0001-0001-0001-000000000006}.Release|Any CPU.ActiveCfg = Release|Any CPU
		{00000001-0001-0001-0001-000000000006}.Release|Any CPU.Build.0 = Release|Any CPU
		{00000001-0001-0001-0001-000000000006}.Release|x64.ActiveCfg = Release|Any CPU
		{00000001-0001-0001-0001-000000000006}.Release|x64.Build.0 = Release|Any CPU
		{00000001-0001-0001-0001-000000000006}.Release|x86.ActiveCfg = Release|Any CPU
		{00000001-0001-0001-0001-000000000006}.Release|x86.Build.0 = Release|Any CPU
		{00000001-0001-0001-0001-000000000007}.Debug|Any CPU.ActiveCfg = Debug|Any CPU
		{00000001-0001-0001-0001-000000000007}.Debug|Any CPU.Build.0 = Debug|Any CPU
		{00000001-0001-0001-0001-000000000007}.Debug|x64.ActiveCfg = Debug|Any CPU
		{00000001-0001-0001-0001-000000000007}.Debug|x64.Build.0 = Debug|Any CPU
		{00000001-0001-0001-0001-000000000007}.Debug|x86.ActiveCfg = Debug|Any CPU
		{00000001-0001-0001-0001-000000000007}.Debug|x86.Build.0 = Debug|Any CPU
		{00000001-0001-0001-0001-000000000007}.Release|Any CPU.ActiveCfg = Release|Any CPU
		{00000001-0001-0001-0001-000000000007}.Release|Any CPU.Build.0 = Release|Any CPU
		{00000001-0001-0001-0001-000000000007}.Release|x64.ActiveCfg = Release|Any CPU
		{00000001-0001-0001-0001-000000000007}.Release|x64.Build.0 = Release|Any CPU
		{00000001-0001-0001-0001-000000000007}.Release|x86.ActiveCfg = Release|Any CPU
		{00000001-0001-0001-0001-000000000007}.Release|x86.Build.0 = Release|Any CPU
		{00000001-0001-0001-0001-000000000008}.Debug|Any CPU.ActiveCfg = Debug|Any CPU
		{00000001-0001-0001-0001-000000000008}.Debug|Any CPU.Build.0 = Debug|Any CPU
		{00000001-0001-0001-0001-000000000008}.Debug|x64.ActiveCfg = Debug|Any CPU
		{00000001-0001-0001-0001-000000000008}.Debug|x64.Build.0 = Debug|Any CPU
		{00000001-0001-0001-0001-000000000008}.Debug|x86.ActiveCfg = Debug|Any CPU
		{00000001-0001-0001-0001-000000000008}.Debug|x86.Build.0 = Debug|Any CPU
		{00000001-0001-0001-0001-000000000008}.Release|Any CPU.ActiveCfg = Release|Any CPU
		{00000001-0001-0001-0001-000000000008}.Release|Any CPU.Build.0 = Release|Any CPU
		{00000001-0001-0001-0001-000000000008}.Release|x64.ActiveCfg = Release|Any CPU
		{00000001-0001-0001-0001-000000000008}.Release|x64.Build.0 = Release|Any CPU
		{00000001-0001-0001-0001-000000000008}.Release|x86.ActiveCfg = Release|Any CPU
		{00000001-0001-0001-0001-000000000008}.Release|x86.Build.0 = Release|Any CPU
		{00000001-0001-0001-0001-000000000009}.Debug|Any CPU.ActiveCfg = Debug|Any CPU
		{00000001-0001-0001-0001-000000000009}.Debug|Any CPU.Build.0 = Debug|Any CPU
		{00000001-0001-0001-0001-000000000009}.Debug|x64.ActiveCfg = Debug|Any CPU
		{00000001-0001-0001-0001-000000000009}.Debug|x64.Build.0 = Debug|Any CPU
		{00000001-0001-0001-0001-000000000009}.Debug|x86.ActiveCfg = Debug|Any CPU
		{00000001-0001-0001-0001-000000000009}.Debug|x86.Build.0 = Debug|Any CPU
		{00000001-0001-0001-0001-000000000009}.Release|Any CPU.ActiveCfg = Release|Any CPU
		{00000001-0001-0001-0001-000000000009}.Release|Any CPU.Build.0 = Release|Any CPU
		{00000001-0001-0001-0001-000000000009}.Release|x64.ActiveCfg = Release|Any CPU
		{00000001-0001-0001-0001-000000000009}.Release|x64.Build.0 = Release|Any CPU
		{00000001-0001-0001-0001-000000000009}.Release|x86.ActiveCfg = Release|Any CPU
		{00000001-0001-0001-0001-000000000009}.Release|x86.Build.0 = Release|Any CPU
		{00000001-0001-0001-0001-00000000000A}.Debug|Any CPU.ActiveCfg = Debug|Any CPU
		{00000001-0001-0001-0001-00000000000A}.Debug|Any CPU.Build.0 = Debug|Any CPU
		{00000001-0001-0001-0001-00000000000A}.Debug|x64.ActiveCfg = Debug|Any CPU
		{00000001-0001-0001-0001-00000000000A}.Debug|x64.Build.0 = Debug|Any CPU
		{00000001-0001-0001-0001-00000000000A}.Debug|x86.ActiveCfg = Debug|Any CPU
		{00000001-0001-0001-0001-00000000000A}.Debug|x86.Build.0 = Debug|Any CPU
		{00000001-0001-0001-0001-00000000000A}.Release|Any CPU.ActiveCfg = Release|Any CPU
		{00000001-0001-0001-0001-00000000000A}.Release|Any CPU.Build.0 = Release|Any CPU
		{00000001-0001-0001-0001-00000000000A}.Release|x64.ActiveCfg = Release|Any CPU
		{00000001-0001-0001-0001-00000000000A}.Release|x64.Build.0 = Release|Any CPU
		{00000001-0001-0001-0001-00000000000A}.Release|x86.ActiveCfg = Release|Any CPU
		{00000001-0001-0001-0001-00000000000A}.Release|x86.Build.0 = Release|Any CPU
		{00000001-0001-0001-0001-00000000000B}.Debug|Any CPU.ActiveCfg = Debug|Any CPU
		{00000001-0001-0001-0001-00000000000B}.Debug|Any CPU.Build.0 = Debug|Any CPU
		{00000001-0001-0001-0001-00000000000B}.Debug|x64.ActiveCfg = Debug|Any CPU
		{00000001-0001-0001-0001-00000000000B}.Debug|x64.Build.0 = Debug|Any CPU
		{00000001-0001-0001-0001-00000000000B}.Debug|x86.ActiveCfg = Debug|Any CPU
		{00000001-0001-0001-0001-00000000000B}.Debug|x86.Build.0 = Debug|Any CPU
		{00000001-0001-0001-0001-00000000000B}.Release|Any CPU.ActiveCfg = Release|Any CPU
		{00000001-0001-0001-0001-00000000000B}.Release|Any CPU.Build.0 = Release|Any CPU
		{00000001-0001-0001-0001-00000000000B}.Release|x64.ActiveCfg = Release|Any CPU
		{00000001-0001-0001-0001-00000000000B}.Release|x64.Build.0 = Release|Any CPU
		{00000001-0001-0001-0001-00000000000B}.Release|x86.ActiveCfg = Release|Any CPU
		{00000001-0001-0001-0001-00000000000B}.Release|x86.Build.0 = Release|Any CPU
		{00000001-0001-0001-0001-00000000000C}.Debug|Any CPU.ActiveCfg = Debug|Any CPU
		{00000001-0001-0001-0001-00000000000C}.Debug|Any CPU.Build.0 = Debug|Any CPU
		{00000001-0001-0001-0001-00000000000C}.Debug|x64.ActiveCfg = Debug|Any CPU
		{00000001-0001-0001-0001-00000000000C}.Debug|x64.Build.0 = Debug|Any CPU
		{00000001-0001-0001-0001-00000000000C}.Debug|x86.ActiveCfg = Debug|Any CPU
		{00000001-0001-0001-0001-00000000000C}.Debug|x86.Build.0 = Debug|Any CPU
		{00000001-0001-0001-0001-00000000000C}.Release|Any CPU.ActiveCfg = Release|Any CPU
		{00000001-0001-0001-0001-00000000000C}.Release|Any CPU.Build.0 = Release|Any CPU
		{00000001-0001-0001-0001-00000000000C}.Release|x64.ActiveCfg = Release|Any CPU
		{00000001-0001-0001-0001-00000000000C}.Release|x64.Build.0 = Release|Any CPU
		{00000001-0001-0001-0001-00000000000C}.Release|x86.ActiveCfg = Release|Any CPU
		{00000001-0001-0001-0001-00000000000C}.Release|x86.Build.0 = Release|Any CPU
		{00000001-0001-0001-0001-00000000000D}.Debug|Any CPU.ActiveCfg = Debug|Any CPU
		{00000001-0001-0001-0001-00000000000D}.Debug|Any CPU.Build.0 = Debug|Any CPU
		{00000001-0001-0001-0001-00000000000D}.Debug|x64.ActiveCfg = Debug|Any CPU
		{00000001-0001-0001-0001-00000000000D}.Debug|x64.Build.0 = Debug|Any CPU
		{00000001-0001-0001-0001-00000000000D}.Debug|x86.ActiveCfg = Debug|Any CPU
		{00000001-0001-0001-0001-00000000000D}.Debug|x86.Build.0 = Debug|Any CPU
		{00000001-0001-0001-0001-00000000000D}.Release|Any CPU.ActiveCfg = Release|Any CPU
		{00000001-0001-0001-0001-00000000000D}.Release|Any CPU.Build.0 = Release|Any CPU
		{00000001-0001-0001-0001-00000000000D}.Release|x64.ActiveCfg = Release|Any CPU
		{00000001-0001-0001-0001-00000000000D}.Release|x64.Build.0 = Release|Any CPU
		{00000001-0001-0001-0001-00000000000D}.Release|x86.ActiveCfg = Release|Any CPU
		{00000001-0001-0001-0001-00000000000D}.Release|x86.Build.0 = Release|Any CPU
		{00000001-0001-0001-0001-00000000000E}.Debug|Any CPU.ActiveCfg = Debug|Any CPU
		{00000001-0001-0001-0001-00000000000E}.Debug|Any CPU.Build.0 = Debug|Any CPU
		{00000001-0001-0001-0001-00000000000E}.Debug|x64.ActiveCfg = Debug|Any CPU
		{00000001-0001-0001-0001-00000000000E}.Debug|x64.Build.0 = Debug|Any CPU
		{00000001-0001-0001-0001-00000000000E}.Debug|x86.ActiveCfg = Debug|Any CPU
		{00000001-0001-0001-0001-00000000000E}.Debug|x86.Build.0 = Debug|Any CPU
		{00000001-0001-0001-0001-00000000000E}.Release|Any CPU.ActiveCfg = Release|Any CPU
		{00000001-0001-0001-0001-00000000000E}.Release|Any CPU.Build.0 = Release|Any CPU
		{00000001-0001-0001-0001-00000000000E}.Release|x64.ActiveCfg = Release|Any CPU
		{00000001-0001-0001-0001-00000000000E}.Release|x64.Build.0 = Release|Any CPU
		{00000001-0001-0001-0001-00000000000E}.Release|x86.ActiveCfg = Release|Any CPU
		{00000001-0001-0001-0001-00000000000E}.Release|x86.Build.0 = Release|Any CPU
		{00000001-0001-0001-0001-00000000000F}.Debug|Any CPU.ActiveCfg = Debug|Any CPU
		{00000001-0001-0001-0001-00000000000F}.Debug|Any CPU.Build.0 = Debug|Any CPU
		{00000001-0001-0001-0001-00000000000F}.Debug|x64.ActiveCfg = Debug|Any CPU
		{00000001-0001-0001-0001-00000000000F}.Debug|x64.Build.0 = Debug|Any CPU
		{00000001-0001-0001-0001-00000000000F}.Debug|x86.ActiveCfg = Debug|Any CPU
		{00000001-0001-0001-0001-00000000000F}.Debug|x86.Build.0 = Debug|Any CPU
		{00000001-0001-0001-0001-00000000000F}.Release|Any CPU.ActiveCfg = Release|Any CPU
		{00000001-0001-0001-0001-00000000000F}.Release|Any CPU.Build.0 = Release|Any CPU
		{00000001-0001-0001-0001-00000000000F}.Release|x64.ActiveCfg = Release|Any CPU
		{00000001-0001-0001-0001-00000000000F}.Release|x64.Build.0 = Release|Any CPU
		{00000001-0001-0001-0001-00000000000F}.Release|x86.ActiveCfg = Release|Any CPU
		{00000001-0001-0001-0001-00000000000F}.Release|x86.Build.0 = Release|Any CPU
		{00000002-0001-0001-0001-000000000001}.Debug|Any CPU.ActiveCfg = Debug|Any CPU
		{00000002-0001-0001-0001-000000000001}.Debug|Any CPU.Build.0 = Debug|Any CPU
		{00000002-0001-0001-0001-000000000001}.Debug|x64.ActiveCfg = Debug|Any CPU
		{00000002-0001-0001-0001-000000000001}.Debug|x64.Build.0 = Debug|Any CPU
		{00000002-0001-0001-0001-000000000001}.Debug|x86.ActiveCfg = Debug|Any CPU
		{00000002-0001-0001-0001-000000000001}.Debug|x86.Build.0 = Debug|Any CPU
		{00000002-0001-0001-0001-000000000001}.Release|Any CPU.ActiveCfg = Release|Any CPU
		{00000002-0001-0001-0001-000000000001}.Release|Any CPU.Build.0 = Release|Any CPU
		{00000002-0001-0001-0001-000000000001}.Release|x64.ActiveCfg = Release|Any CPU
		{00000002-0001-0001-0001-000000000001}.Release|x64.Build.0 = Release|Any CPU
		{00000002-0001-0001-0001-000000000001}.Release|x86.ActiveCfg = Release|Any CPU
		{00000002-0001-0001-0001-000000000001}.Release|x86.Build.0 = Release|Any CPU
		{00000002-0001-0001-0001-000000000002}.Debug|Any CPU.ActiveCfg = Debug|Any CPU
		{00000002-0001-0001-0001-000000000002}.Debug|Any CPU.Build.0 = Debug|Any CPU
		{00000002-0001-0001-0001-000000000002}.Debug|x64.ActiveCfg = Debug|Any CPU
		{00000002-0001-0001-0001-000000000002}.Debug|x64.Build.0 = Debug|Any CPU
		{00000002-0001-0001-0001-000000000002}.Debug|x86.ActiveCfg = Debug|Any CPU
		{00000002-0001-0001-0001-000000000002}.Debug|x86.Build.0 = Debug|Any CPU
		{00000002-0001-0001-0001-000000000002}.Release|Any CPU.ActiveCfg = Release|Any CPU
		{00000002-0001-0001-0001-000000000002}.Release|Any CPU.Build.0 = Release|Any CPU
		{00000002-0001-0001-0001-000000000002}.Release|x64.ActiveCfg = Release|Any CPU
		{00000002-0001-0001-0001-000000000002}.Release|x64.Build.0 = Release|Any CPU
		{00000002-0001-0001-0001-000000000002}.Release|x86.ActiveCfg = Release|Any CPU
		{00000002-0001-0001-0001-000000000002}.Release|x86.Build.0 = Release|Any CPU
		{00000002-0001-0001-0001-000000000003}.Debug|Any CPU.ActiveCfg = Debug|Any CPU
		{00000002-0001-0001-0001-000000000003}.Debug|Any CPU.Build.0 = Debug|Any CPU
		{00000002-0001-0001-0001-000000000003}.Debug|x64.ActiveCfg = Debug|Any CPU
		{00000002-0001-0001-0001-000000000003}.Debug|x64.Build.0 = Debug|Any CPU
		{00000002-0001-0001-0001-000000000003}.Debug|x86.ActiveCfg = Debug|Any CPU
		{00000002-0001-0001-0001-000000000003}.Debug|x86.Build.0 = Debug|Any CPU
		{00000002-0001-0001-0001-000000000003}.Release|Any CPU.ActiveCfg = Release|Any CPU
		{00000002-0001-0001-0001-000000000003}.Release|Any CPU.Build.0 = Release|Any CPU
		{00000002-0001-0001-0001-000000000003}.Release|x64.ActiveCfg = Release|Any CPU
		{00000002-0001-0001-0001-000000000003}.Release|x64.Build.0 = Release|Any CPU
		{00000002-0001-0001-0001-000000000003}.Release|x86.ActiveCfg = Release|Any CPU
		{00000002-0001-0001-0001-000000000003}.Release|x86.Build.0 = Release|Any CPU
		{00000002-0001-0001-0001-000000000007}.Debug|Any CPU.ActiveCfg = Debug|Any CPU
		{00000002-0001-0001-0001-000000000007}.Debug|Any CPU.Build.0 = Debug|Any CPU
		{00000002-0001-0001-0001-000000000007}.Debug|x64.ActiveCfg = Debug|Any CPU
		{00000002-0001-0001-0001-000000000007}.Debug|x64.Build.0 = Debug|Any CPU
		{00000002-0001-0001-0001-000000000007}.Debug|x86.ActiveCfg = Debug|Any CPU
		{00000002-0001-0001-0001-000000000007}.Debug|x86.Build.0 = Debug|Any CPU
		{00000002-0001-0001-0001-000000000007}.Release|Any CPU.ActiveCfg = Release|Any CPU
		{00000002-0001-0001-0001-000000000007}.Release|Any CPU.Build.0 = Release|Any CPU
		{00000002-0001-0001-0001-000000000007}.Release|x64.ActiveCfg = Release|Any CPU
		{00000002-0001-0001-0001-000000000007}.Release|x64.Build.0 = Release|Any CPU
		{00000002-0001-0001-0001-000000000007}.Release|x86.ActiveCfg = Release|Any CPU
		{00000002-0001-0001-0001-000000000007}.Release|x86.Build.0 = Release|Any CPU
		{00000002-0001-0001-0001-000000000008}.Debug|Any CPU.ActiveCfg = Debug|Any CPU
		{00000002-0001-0001-0001-000000000008}.Debug|Any CPU.Build.0 = Debug|Any CPU
		{00000002-0001-0001-0001-000000000008}.Debug|x64.ActiveCfg = Debug|Any CPU
		{00000002-0001-0001-0001-000000000008}.Debug|x64.Build.0 = Debug|Any CPU
		{00000002-0001-0001-0001-000000000008}.Debug|x86.ActiveCfg = Debug|Any CPU
		{00000002-0001-0001-0001-000000000008}.Debug|x86.Build.0 = Debug|Any CPU
		{00000002-0001-0001-0001-000000000008}.Release|Any CPU.ActiveCfg = Release|Any CPU
		{00000002-0001-0001-0001-000000000008}.Release|Any CPU.Build.0 = Release|Any CPU
		{00000002-0001-0001-0001-000000000008}.Release|x64.ActiveCfg = Release|Any CPU
		{00000002-0001-0001-0001-000000000008}.Release|x64.Build.0 = Release|Any CPU
		{00000002-0001-0001-0001-000000000008}.Release|x86.ActiveCfg = Release|Any CPU
		{00000002-0001-0001-0001-000000000008}.Release|x86.Build.0 = Release|Any CPU
		{00000002-0001-0001-0001-000000000009}.Debug|Any CPU.ActiveCfg = Debug|Any CPU
		{00000002-0001-0001-0001-000000000009}.Debug|Any CPU.Build.0 = Debug|Any CPU
		{00000002-0001-0001-0001-000000000009}.Debug|x64.ActiveCfg = Debug|Any CPU
		{00000002-0001-0001-0001-000000000009}.Debug|x64.Build.0 = Debug|Any CPU
		{00000002-0001-0001-0001-000000000009}.Debug|x86.ActiveCfg = Debug|Any CPU
		{00000002-0001-0001-0001-000000000009}.Debug|x86.Build.0 = Debug|Any CPU
		{00000002-0001-0001-0001-000000000009}.Release|Any CPU.ActiveCfg = Release|Any CPU
		{00000002-0001-0001-0001-000000000009}.Release|Any CPU.Build.0 = Release|Any CPU
		{00000002-0001-0001-0001-000000000009}.Release|x64.ActiveCfg = Release|Any CPU
		{00000002-0001-0001-0001-000000000009}.Release|x64.Build.0 = Release|Any CPU
		{00000002-0001-0001-0001-000000000009}.Release|x86.ActiveCfg = Release|Any CPU
		{00000002-0001-0001-0001-000000000009}.Release|x86.Build.0 = Release|Any CPU
		{00000001-0001-0001-0001-000000000010}.Debug|Any CPU.ActiveCfg = Debug|Any CPU
		{00000001-0001-0001-0001-000000000010}.Debug|Any CPU.Build.0 = Debug|Any CPU
		{00000001-0001-0001-0001-000000000010}.Debug|x64.ActiveCfg = Debug|Any CPU
		{00000001-0001-0001-0001-000000000010}.Debug|x64.Build.0 = Debug|Any CPU
		{00000001-0001-0001-0001-000000000010}.Debug|x86.ActiveCfg = Debug|Any CPU
		{00000001-0001-0001-0001-000000000010}.Debug|x86.Build.0 = Debug|Any CPU
		{00000001-0001-0001-0001-000000000010}.Release|Any CPU.ActiveCfg = Release|Any CPU
		{00000001-0001-0001-0001-000000000010}.Release|Any CPU.Build.0 = Release|Any CPU
		{00000001-0001-0001-0001-000000000010}.Release|x64.ActiveCfg = Release|Any CPU
		{00000001-0001-0001-0001-000000000010}.Release|x64.Build.0 = Release|Any CPU
		{00000001-0001-0001-0001-000000000010}.Release|x86.ActiveCfg = Release|Any CPU
		{00000001-0001-0001-0001-000000000010}.Release|x86.Build.0 = Release|Any CPU
		{00000003-0001-0001-0001-000000000001}.Debug|Any CPU.ActiveCfg = Debug|Any CPU
		{00000003-0001-0001-0001-000000000001}.Debug|Any CPU.Build.0 = Debug|Any CPU
		{00000003-0001-0001-0001-000000000001}.Debug|x64.ActiveCfg = Debug|Any CPU
		{00000003-0001-0001-0001-000000000001}.Debug|x64.Build.0 = Debug|Any CPU
		{00000003-0001-0001-0001-000000000001}.Debug|x86.ActiveCfg = Debug|Any CPU
		{00000003-0001-0001-0001-000000000001}.Debug|x86.Build.0 = Debug|Any CPU
		{00000003-0001-0001-0001-000000000001}.Release|Any CPU.ActiveCfg = Release|Any CPU
		{00000003-0001-0001-0001-000000000001}.Release|Any CPU.Build.0 = Release|Any CPU
		{00000003-0001-0001-0001-000000000001}.Release|x64.ActiveCfg = Release|Any CPU
		{00000003-0001-0001-0001-000000000001}.Release|x64.Build.0 = Release|Any CPU
		{00000003-0001-0001-0001-000000000001}.Release|x86.ActiveCfg = Release|Any CPU
		{00000003-0001-0001-0001-000000000001}.Release|x86.Build.0 = Release|Any CPU
		{00000001-0001-0001-0001-000000000011}.Debug|Any CPU.ActiveCfg = Debug|Any CPU
		{00000001-0001-0001-0001-000000000011}.Debug|Any CPU.Build.0 = Debug|Any CPU
		{00000001-0001-0001-0001-000000000011}.Debug|x64.ActiveCfg = Debug|Any CPU
		{00000001-0001-0001-0001-000000000011}.Debug|x64.Build.0 = Debug|Any CPU
		{00000001-0001-0001-0001-000000000011}.Debug|x86.ActiveCfg = Debug|Any CPU
		{00000001-0001-0001-0001-000000000011}.Debug|x86.Build.0 = Debug|Any CPU
		{00000001-0001-0001-0001-000000000011}.Release|Any CPU.ActiveCfg = Release|Any CPU
		{00000001-0001-0001-0001-000000000011}.Release|Any CPU.Build.0 = Release|Any CPU
		{00000001-0001-0001-0001-000000000011}.Release|x64.ActiveCfg = Release|Any CPU
		{00000001-0001-0001-0001-000000000011}.Release|x64.Build.0 = Release|Any CPU
		{00000001-0001-0001-0001-000000000011}.Release|x86.ActiveCfg = Release|Any CPU
		{00000001-0001-0001-0001-000000000011}.Release|x86.Build.0 = Release|Any CPU
		{00000003-0001-0001-0001-000000000002}.Debug|Any CPU.ActiveCfg = Debug|Any CPU
		{00000003-0001-0001-0001-000000000002}.Debug|Any CPU.Build.0 = Debug|Any CPU
		{00000003-0001-0001-0001-000000000002}.Debug|x64.ActiveCfg = Debug|Any CPU
		{00000003-0001-0001-0001-000000000002}.Debug|x64.Build.0 = Debug|Any CPU
		{00000003-0001-0001-0001-000000000002}.Debug|x86.ActiveCfg = Debug|Any CPU
		{00000003-0001-0001-0001-000000000002}.Debug|x86.Build.0 = Debug|Any CPU
		{00000003-0001-0001-0001-000000000002}.Release|Any CPU.ActiveCfg = Release|Any CPU
		{00000003-0001-0001-0001-000000000002}.Release|Any CPU.Build.0 = Release|Any CPU
		{00000003-0001-0001-0001-000000000002}.Release|x64.ActiveCfg = Release|Any CPU
		{00000003-0001-0001-0001-000000000002}.Release|x64.Build.0 = Release|Any CPU
		{00000003-0001-0001-0001-000000000002}.Release|x86.ActiveCfg = Release|Any CPU
		{00000003-0001-0001-0001-000000000002}.Release|x86.Build.0 = Release|Any CPU
		{00000001-0001-0001-0001-000000000012}.Debug|Any CPU.ActiveCfg = Debug|Any CPU
		{00000001-0001-0001-0001-000000000012}.Debug|Any CPU.Build.0 = Debug|Any CPU
		{00000001-0001-0001-0001-000000000012}.Debug|x64.ActiveCfg = Debug|Any CPU
		{00000001-0001-0001-0001-000000000012}.Debug|x64.Build.0 = Debug|Any CPU
		{00000001-0001-0001-0001-000000000012}.Debug|x86.ActiveCfg = Debug|Any CPU
		{00000001-0001-0001-0001-000000000012}.Debug|x86.Build.0 = Debug|Any CPU
		{00000001-0001-0001-0001-000000000012}.Release|Any CPU.ActiveCfg = Release|Any CPU
		{00000001-0001-0001-0001-000000000012}.Release|Any CPU.Build.0 = Release|Any CPU
		{00000001-0001-0001-0001-000000000012}.Release|x64.ActiveCfg = Release|Any CPU
		{00000001-0001-0001-0001-000000000012}.Release|x64.Build.0 = Release|Any CPU
		{00000001-0001-0001-0001-000000000012}.Release|x86.ActiveCfg = Release|Any CPU
		{00000001-0001-0001-0001-000000000012}.Release|x86.Build.0 = Release|Any CPU
		{00000003-0001-0001-0001-000000000005}.Debug|Any CPU.ActiveCfg = Debug|Any CPU
		{00000003-0001-0001-0001-000000000005}.Debug|Any CPU.Build.0 = Debug|Any CPU
		{00000003-0001-0001-0001-000000000005}.Debug|x64.ActiveCfg = Debug|Any CPU
		{00000003-0001-0001-0001-000000000005}.Debug|x64.Build.0 = Debug|Any CPU
		{00000003-0001-0001-0001-000000000005}.Debug|x86.ActiveCfg = Debug|Any CPU
		{00000003-0001-0001-0001-000000000005}.Debug|x86.Build.0 = Debug|Any CPU
		{00000003-0001-0001-0001-000000000005}.Release|Any CPU.ActiveCfg = Release|Any CPU
		{00000003-0001-0001-0001-000000000005}.Release|Any CPU.Build.0 = Release|Any CPU
		{00000003-0001-0001-0001-000000000005}.Release|x64.ActiveCfg = Release|Any CPU
		{00000003-0001-0001-0001-000000000005}.Release|x64.Build.0 = Release|Any CPU
		{00000003-0001-0001-0001-000000000005}.Release|x86.ActiveCfg = Release|Any CPU
		{00000003-0001-0001-0001-000000000005}.Release|x86.Build.0 = Release|Any CPU
		{00000003-0001-0001-0001-000000000006}.Debug|Any CPU.ActiveCfg = Debug|Any CPU
		{00000003-0001-0001-0001-000000000006}.Debug|Any CPU.Build.0 = Debug|Any CPU
		{00000003-0001-0001-0001-000000000006}.Debug|x64.ActiveCfg = Debug|Any CPU
		{00000003-0001-0001-0001-000000000006}.Debug|x64.Build.0 = Debug|Any CPU
		{00000003-0001-0001-0001-000000000006}.Debug|x86.ActiveCfg = Debug|Any CPU
		{00000003-0001-0001-0001-000000000006}.Debug|x86.Build.0 = Debug|Any CPU
		{00000003-0001-0001-0001-000000000006}.Release|Any CPU.ActiveCfg = Release|Any CPU
		{00000003-0001-0001-0001-000000000006}.Release|Any CPU.Build.0 = Release|Any CPU
		{00000003-0001-0001-0001-000000000006}.Release|x64.ActiveCfg = Release|Any CPU
		{00000003-0001-0001-0001-000000000006}.Release|x64.Build.0 = Release|Any CPU
		{00000003-0001-0001-0001-000000000006}.Release|x86.ActiveCfg = Release|Any CPU
		{00000003-0001-0001-0001-000000000006}.Release|x86.Build.0 = Release|Any CPU
		{00000003-0001-0001-0001-000000000008}.Debug|Any CPU.ActiveCfg = Debug|Any CPU
		{00000003-0001-0001-0001-000000000008}.Debug|Any CPU.Build.0 = Debug|Any CPU
		{00000003-0001-0001-0001-000000000008}.Debug|x64.ActiveCfg = Debug|Any CPU
		{00000003-0001-0001-0001-000000000008}.Debug|x64.Build.0 = Debug|Any CPU
		{00000003-0001-0001-0001-000000000008}.Debug|x86.ActiveCfg = Debug|Any CPU
		{00000003-0001-0001-0001-000000000008}.Debug|x86.Build.0 = Debug|Any CPU
		{00000003-0001-0001-0001-000000000008}.Release|Any CPU.ActiveCfg = Release|Any CPU
		{00000003-0001-0001-0001-000000000008}.Release|Any CPU.Build.0 = Release|Any CPU
		{00000003-0001-0001-0001-000000000008}.Release|x64.ActiveCfg = Release|Any CPU
		{00000003-0001-0001-0001-000000000008}.Release|x64.Build.0 = Release|Any CPU
		{00000003-0001-0001-0001-000000000008}.Release|x86.ActiveCfg = Release|Any CPU
		{00000003-0001-0001-0001-000000000008}.Release|x86.Build.0 = Release|Any CPU
		{0CD5DD32-7880-49E4-AFC5-9A8E210FFE3F}.Debug|Any CPU.ActiveCfg = Debug|Any CPU
		{0CD5DD32-7880-49E4-AFC5-9A8E210FFE3F}.Debug|Any CPU.Build.0 = Debug|Any CPU
		{0CD5DD32-7880-49E4-AFC5-9A8E210FFE3F}.Debug|x64.ActiveCfg = Debug|Any CPU
		{0CD5DD32-7880-49E4-AFC5-9A8E210FFE3F}.Debug|x64.Build.0 = Debug|Any CPU
		{0CD5DD32-7880-49E4-AFC5-9A8E210FFE3F}.Debug|x86.ActiveCfg = Debug|Any CPU
		{0CD5DD32-7880-49E4-AFC5-9A8E210FFE3F}.Debug|x86.Build.0 = Debug|Any CPU
		{0CD5DD32-7880-49E4-AFC5-9A8E210FFE3F}.Release|Any CPU.ActiveCfg = Release|Any CPU
		{0CD5DD32-7880-49E4-AFC5-9A8E210FFE3F}.Release|Any CPU.Build.0 = Release|Any CPU
		{0CD5DD32-7880-49E4-AFC5-9A8E210FFE3F}.Release|x64.ActiveCfg = Release|Any CPU
		{0CD5DD32-7880-49E4-AFC5-9A8E210FFE3F}.Release|x64.Build.0 = Release|Any CPU
		{0CD5DD32-7880-49E4-AFC5-9A8E210FFE3F}.Release|x86.ActiveCfg = Release|Any CPU
		{0CD5DD32-7880-49E4-AFC5-9A8E210FFE3F}.Release|x86.Build.0 = Release|Any CPU
		{F28FC9FA-E62C-431A-8846-18F3291E8BCF}.Debug|Any CPU.ActiveCfg = Debug|Any CPU
		{F28FC9FA-E62C-431A-8846-18F3291E8BCF}.Debug|Any CPU.Build.0 = Debug|Any CPU
		{F28FC9FA-E62C-431A-8846-18F3291E8BCF}.Debug|x64.ActiveCfg = Debug|Any CPU
		{F28FC9FA-E62C-431A-8846-18F3291E8BCF}.Debug|x64.Build.0 = Debug|Any CPU
		{F28FC9FA-E62C-431A-8846-18F3291E8BCF}.Debug|x86.ActiveCfg = Debug|Any CPU
		{F28FC9FA-E62C-431A-8846-18F3291E8BCF}.Debug|x86.Build.0 = Debug|Any CPU
		{F28FC9FA-E62C-431A-8846-18F3291E8BCF}.Release|Any CPU.ActiveCfg = Release|Any CPU
		{F28FC9FA-E62C-431A-8846-18F3291E8BCF}.Release|Any CPU.Build.0 = Release|Any CPU
		{F28FC9FA-E62C-431A-8846-18F3291E8BCF}.Release|x64.ActiveCfg = Release|Any CPU
		{F28FC9FA-E62C-431A-8846-18F3291E8BCF}.Release|x64.Build.0 = Release|Any CPU
		{F28FC9FA-E62C-431A-8846-18F3291E8BCF}.Release|x86.ActiveCfg = Release|Any CPU
		{F28FC9FA-E62C-431A-8846-18F3291E8BCF}.Release|x86.Build.0 = Release|Any CPU
		{45AF11A8-0EE8-4F26-B3BC-8BD42FAE8A46}.Debug|Any CPU.ActiveCfg = Debug|Any CPU
		{45AF11A8-0EE8-4F26-B3BC-8BD42FAE8A46}.Debug|Any CPU.Build.0 = Debug|Any CPU
		{45AF11A8-0EE8-4F26-B3BC-8BD42FAE8A46}.Debug|x64.ActiveCfg = Debug|Any CPU
		{45AF11A8-0EE8-4F26-B3BC-8BD42FAE8A46}.Debug|x64.Build.0 = Debug|Any CPU
		{45AF11A8-0EE8-4F26-B3BC-8BD42FAE8A46}.Debug|x86.ActiveCfg = Debug|Any CPU
		{45AF11A8-0EE8-4F26-B3BC-8BD42FAE8A46}.Debug|x86.Build.0 = Debug|Any CPU
		{45AF11A8-0EE8-4F26-B3BC-8BD42FAE8A46}.Release|Any CPU.ActiveCfg = Release|Any CPU
		{45AF11A8-0EE8-4F26-B3BC-8BD42FAE8A46}.Release|Any CPU.Build.0 = Release|Any CPU
		{45AF11A8-0EE8-4F26-B3BC-8BD42FAE8A46}.Release|x64.ActiveCfg = Release|Any CPU
		{45AF11A8-0EE8-4F26-B3BC-8BD42FAE8A46}.Release|x64.Build.0 = Release|Any CPU
		{45AF11A8-0EE8-4F26-B3BC-8BD42FAE8A46}.Release|x86.ActiveCfg = Release|Any CPU
		{45AF11A8-0EE8-4F26-B3BC-8BD42FAE8A46}.Release|x86.Build.0 = Release|Any CPU
		{74A5996D-145A-44EC-8BB9-466C685F7D9B}.Debug|Any CPU.ActiveCfg = Debug|Any CPU
		{74A5996D-145A-44EC-8BB9-466C685F7D9B}.Debug|Any CPU.Build.0 = Debug|Any CPU
		{74A5996D-145A-44EC-8BB9-466C685F7D9B}.Debug|x64.ActiveCfg = Debug|Any CPU
		{74A5996D-145A-44EC-8BB9-466C685F7D9B}.Debug|x64.Build.0 = Debug|Any CPU
		{74A5996D-145A-44EC-8BB9-466C685F7D9B}.Debug|x86.ActiveCfg = Debug|Any CPU
		{74A5996D-145A-44EC-8BB9-466C685F7D9B}.Debug|x86.Build.0 = Debug|Any CPU
		{74A5996D-145A-44EC-8BB9-466C685F7D9B}.Release|Any CPU.ActiveCfg = Release|Any CPU
		{74A5996D-145A-44EC-8BB9-466C685F7D9B}.Release|Any CPU.Build.0 = Release|Any CPU
		{74A5996D-145A-44EC-8BB9-466C685F7D9B}.Release|x64.ActiveCfg = Release|Any CPU
		{74A5996D-145A-44EC-8BB9-466C685F7D9B}.Release|x64.Build.0 = Release|Any CPU
		{74A5996D-145A-44EC-8BB9-466C685F7D9B}.Release|x86.ActiveCfg = Release|Any CPU
		{74A5996D-145A-44EC-8BB9-466C685F7D9B}.Release|x86.Build.0 = Release|Any CPU
		{5B0D5FFC-9F8D-4177-AE7D-3E5888FB7356}.Debug|Any CPU.ActiveCfg = Debug|Any CPU
		{5B0D5FFC-9F8D-4177-AE7D-3E5888FB7356}.Debug|Any CPU.Build.0 = Debug|Any CPU
		{5B0D5FFC-9F8D-4177-AE7D-3E5888FB7356}.Debug|x64.ActiveCfg = Debug|Any CPU
		{5B0D5FFC-9F8D-4177-AE7D-3E5888FB7356}.Debug|x64.Build.0 = Debug|Any CPU
		{5B0D5FFC-9F8D-4177-AE7D-3E5888FB7356}.Debug|x86.ActiveCfg = Debug|Any CPU
		{5B0D5FFC-9F8D-4177-AE7D-3E5888FB7356}.Debug|x86.Build.0 = Debug|Any CPU
		{5B0D5FFC-9F8D-4177-AE7D-3E5888FB7356}.Release|Any CPU.ActiveCfg = Release|Any CPU
		{5B0D5FFC-9F8D-4177-AE7D-3E5888FB7356}.Release|Any CPU.Build.0 = Release|Any CPU
		{5B0D5FFC-9F8D-4177-AE7D-3E5888FB7356}.Release|x64.ActiveCfg = Release|Any CPU
		{5B0D5FFC-9F8D-4177-AE7D-3E5888FB7356}.Release|x64.Build.0 = Release|Any CPU
		{5B0D5FFC-9F8D-4177-AE7D-3E5888FB7356}.Release|x86.ActiveCfg = Release|Any CPU
		{5B0D5FFC-9F8D-4177-AE7D-3E5888FB7356}.Release|x86.Build.0 = Release|Any CPU
		{A1C051A0-96AB-4BF4-9F73-DE5109CC81EE}.Debug|Any CPU.ActiveCfg = Debug|Any CPU
		{A1C051A0-96AB-4BF4-9F73-DE5109CC81EE}.Debug|Any CPU.Build.0 = Debug|Any CPU
		{A1C051A0-96AB-4BF4-9F73-DE5109CC81EE}.Debug|x64.ActiveCfg = Debug|Any CPU
		{A1C051A0-96AB-4BF4-9F73-DE5109CC81EE}.Debug|x64.Build.0 = Debug|Any CPU
		{A1C051A0-96AB-4BF4-9F73-DE5109CC81EE}.Debug|x86.ActiveCfg = Debug|Any CPU
		{A1C051A0-96AB-4BF4-9F73-DE5109CC81EE}.Debug|x86.Build.0 = Debug|Any CPU
		{A1C051A0-96AB-4BF4-9F73-DE5109CC81EE}.Release|Any CPU.ActiveCfg = Release|Any CPU
		{A1C051A0-96AB-4BF4-9F73-DE5109CC81EE}.Release|Any CPU.Build.0 = Release|Any CPU
		{A1C051A0-96AB-4BF4-9F73-DE5109CC81EE}.Release|x64.ActiveCfg = Release|Any CPU
		{A1C051A0-96AB-4BF4-9F73-DE5109CC81EE}.Release|x64.Build.0 = Release|Any CPU
		{A1C051A0-96AB-4BF4-9F73-DE5109CC81EE}.Release|x86.ActiveCfg = Release|Any CPU
		{A1C051A0-96AB-4BF4-9F73-DE5109CC81EE}.Release|x86.Build.0 = Release|Any CPU
		{A4781A47-A322-4986-828C-BA0E6D668E75}.Debug|Any CPU.ActiveCfg = Debug|Any CPU
		{A4781A47-A322-4986-828C-BA0E6D668E75}.Debug|Any CPU.Build.0 = Debug|Any CPU
		{A4781A47-A322-4986-828C-BA0E6D668E75}.Debug|x64.ActiveCfg = Debug|Any CPU
		{A4781A47-A322-4986-828C-BA0E6D668E75}.Debug|x64.Build.0 = Debug|Any CPU
		{A4781A47-A322-4986-828C-BA0E6D668E75}.Debug|x86.ActiveCfg = Debug|Any CPU
		{A4781A47-A322-4986-828C-BA0E6D668E75}.Debug|x86.Build.0 = Debug|Any CPU
		{A4781A47-A322-4986-828C-BA0E6D668E75}.Release|Any CPU.ActiveCfg = Release|Any CPU
		{A4781A47-A322-4986-828C-BA0E6D668E75}.Release|Any CPU.Build.0 = Release|Any CPU
		{A4781A47-A322-4986-828C-BA0E6D668E75}.Release|x64.ActiveCfg = Release|Any CPU
		{A4781A47-A322-4986-828C-BA0E6D668E75}.Release|x64.Build.0 = Release|Any CPU
		{A4781A47-A322-4986-828C-BA0E6D668E75}.Release|x86.ActiveCfg = Release|Any CPU
		{A4781A47-A322-4986-828C-BA0E6D668E75}.Release|x86.Build.0 = Release|Any CPU
		{F8FC0306-0208-4642-96FF-8D46CB6473C2}.Debug|Any CPU.ActiveCfg = Debug|Any CPU
		{F8FC0306-0208-4642-96FF-8D46CB6473C2}.Debug|Any CPU.Build.0 = Debug|Any CPU
		{F8FC0306-0208-4642-96FF-8D46CB6473C2}.Debug|x64.ActiveCfg = Debug|Any CPU
		{F8FC0306-0208-4642-96FF-8D46CB6473C2}.Debug|x64.Build.0 = Debug|Any CPU
		{F8FC0306-0208-4642-96FF-8D46CB6473C2}.Debug|x86.ActiveCfg = Debug|Any CPU
		{F8FC0306-0208-4642-96FF-8D46CB6473C2}.Debug|x86.Build.0 = Debug|Any CPU
		{F8FC0306-0208-4642-96FF-8D46CB6473C2}.Release|Any CPU.ActiveCfg = Release|Any CPU
		{F8FC0306-0208-4642-96FF-8D46CB6473C2}.Release|Any CPU.Build.0 = Release|Any CPU
		{F8FC0306-0208-4642-96FF-8D46CB6473C2}.Release|x64.ActiveCfg = Release|Any CPU
		{F8FC0306-0208-4642-96FF-8D46CB6473C2}.Release|x64.Build.0 = Release|Any CPU
		{F8FC0306-0208-4642-96FF-8D46CB6473C2}.Release|x86.ActiveCfg = Release|Any CPU
		{F8FC0306-0208-4642-96FF-8D46CB6473C2}.Release|x86.Build.0 = Release|Any CPU
		{2029CC9A-DA29-4EE7-8425-28D88069AC4C}.Debug|Any CPU.ActiveCfg = Debug|Any CPU
		{2029CC9A-DA29-4EE7-8425-28D88069AC4C}.Debug|Any CPU.Build.0 = Debug|Any CPU
		{2029CC9A-DA29-4EE7-8425-28D88069AC4C}.Debug|x64.ActiveCfg = Debug|Any CPU
		{2029CC9A-DA29-4EE7-8425-28D88069AC4C}.Debug|x64.Build.0 = Debug|Any CPU
		{2029CC9A-DA29-4EE7-8425-28D88069AC4C}.Debug|x86.ActiveCfg = Debug|Any CPU
		{2029CC9A-DA29-4EE7-8425-28D88069AC4C}.Debug|x86.Build.0 = Debug|Any CPU
		{2029CC9A-DA29-4EE7-8425-28D88069AC4C}.Release|Any CPU.ActiveCfg = Release|Any CPU
		{2029CC9A-DA29-4EE7-8425-28D88069AC4C}.Release|Any CPU.Build.0 = Release|Any CPU
		{2029CC9A-DA29-4EE7-8425-28D88069AC4C}.Release|x64.ActiveCfg = Release|Any CPU
		{2029CC9A-DA29-4EE7-8425-28D88069AC4C}.Release|x64.Build.0 = Release|Any CPU
		{2029CC9A-DA29-4EE7-8425-28D88069AC4C}.Release|x86.ActiveCfg = Release|Any CPU
		{2029CC9A-DA29-4EE7-8425-28D88069AC4C}.Release|x86.Build.0 = Release|Any CPU
		{A44C15E2-2240-4AA6-A3A1-2085E65CA940}.Debug|Any CPU.ActiveCfg = Debug|Any CPU
		{A44C15E2-2240-4AA6-A3A1-2085E65CA940}.Debug|Any CPU.Build.0 = Debug|Any CPU
		{A44C15E2-2240-4AA6-A3A1-2085E65CA940}.Debug|x64.ActiveCfg = Debug|Any CPU
		{A44C15E2-2240-4AA6-A3A1-2085E65CA940}.Debug|x64.Build.0 = Debug|Any CPU
		{A44C15E2-2240-4AA6-A3A1-2085E65CA940}.Debug|x86.ActiveCfg = Debug|Any CPU
		{A44C15E2-2240-4AA6-A3A1-2085E65CA940}.Debug|x86.Build.0 = Debug|Any CPU
		{A44C15E2-2240-4AA6-A3A1-2085E65CA940}.Release|Any CPU.ActiveCfg = Release|Any CPU
		{A44C15E2-2240-4AA6-A3A1-2085E65CA940}.Release|Any CPU.Build.0 = Release|Any CPU
		{A44C15E2-2240-4AA6-A3A1-2085E65CA940}.Release|x64.ActiveCfg = Release|Any CPU
		{A44C15E2-2240-4AA6-A3A1-2085E65CA940}.Release|x64.Build.0 = Release|Any CPU
		{A44C15E2-2240-4AA6-A3A1-2085E65CA940}.Release|x86.ActiveCfg = Release|Any CPU
		{A44C15E2-2240-4AA6-A3A1-2085E65CA940}.Release|x86.Build.0 = Release|Any CPU
		{FDDC09EE-96C9-4F4D-8D49-C2780F6E3EA0}.Debug|Any CPU.ActiveCfg = Debug|Any CPU
		{FDDC09EE-96C9-4F4D-8D49-C2780F6E3EA0}.Debug|Any CPU.Build.0 = Debug|Any CPU
		{FDDC09EE-96C9-4F4D-8D49-C2780F6E3EA0}.Debug|x64.ActiveCfg = Debug|Any CPU
		{FDDC09EE-96C9-4F4D-8D49-C2780F6E3EA0}.Debug|x64.Build.0 = Debug|Any CPU
		{FDDC09EE-96C9-4F4D-8D49-C2780F6E3EA0}.Debug|x86.ActiveCfg = Debug|Any CPU
		{FDDC09EE-96C9-4F4D-8D49-C2780F6E3EA0}.Debug|x86.Build.0 = Debug|Any CPU
		{FDDC09EE-96C9-4F4D-8D49-C2780F6E3EA0}.Release|Any CPU.ActiveCfg = Release|Any CPU
		{FDDC09EE-96C9-4F4D-8D49-C2780F6E3EA0}.Release|Any CPU.Build.0 = Release|Any CPU
		{FDDC09EE-96C9-4F4D-8D49-C2780F6E3EA0}.Release|x64.ActiveCfg = Release|Any CPU
		{FDDC09EE-96C9-4F4D-8D49-C2780F6E3EA0}.Release|x64.Build.0 = Release|Any CPU
		{FDDC09EE-96C9-4F4D-8D49-C2780F6E3EA0}.Release|x86.ActiveCfg = Release|Any CPU
		{FDDC09EE-96C9-4F4D-8D49-C2780F6E3EA0}.Release|x86.Build.0 = Release|Any CPU
		{BCE9CCD4-374A-45D1-B416-A777FEB43771}.Debug|Any CPU.ActiveCfg = Debug|Any CPU
		{BCE9CCD4-374A-45D1-B416-A777FEB43771}.Debug|Any CPU.Build.0 = Debug|Any CPU
		{BCE9CCD4-374A-45D1-B416-A777FEB43771}.Debug|x64.ActiveCfg = Debug|Any CPU
		{BCE9CCD4-374A-45D1-B416-A777FEB43771}.Debug|x64.Build.0 = Debug|Any CPU
		{BCE9CCD4-374A-45D1-B416-A777FEB43771}.Debug|x86.ActiveCfg = Debug|Any CPU
		{BCE9CCD4-374A-45D1-B416-A777FEB43771}.Debug|x86.Build.0 = Debug|Any CPU
		{BCE9CCD4-374A-45D1-B416-A777FEB43771}.Release|Any CPU.ActiveCfg = Release|Any CPU
		{BCE9CCD4-374A-45D1-B416-A777FEB43771}.Release|Any CPU.Build.0 = Release|Any CPU
		{BCE9CCD4-374A-45D1-B416-A777FEB43771}.Release|x64.ActiveCfg = Release|Any CPU
		{BCE9CCD4-374A-45D1-B416-A777FEB43771}.Release|x64.Build.0 = Release|Any CPU
		{BCE9CCD4-374A-45D1-B416-A777FEB43771}.Release|x86.ActiveCfg = Release|Any CPU
		{BCE9CCD4-374A-45D1-B416-A777FEB43771}.Release|x86.Build.0 = Release|Any CPU
		{7E90B326-492E-4BAF-AA72-F897E2E276F3}.Debug|Any CPU.ActiveCfg = Debug|Any CPU
		{7E90B326-492E-4BAF-AA72-F897E2E276F3}.Debug|Any CPU.Build.0 = Debug|Any CPU
		{7E90B326-492E-4BAF-AA72-F897E2E276F3}.Debug|x64.ActiveCfg = Debug|Any CPU
		{7E90B326-492E-4BAF-AA72-F897E2E276F3}.Debug|x64.Build.0 = Debug|Any CPU
		{7E90B326-492E-4BAF-AA72-F897E2E276F3}.Debug|x86.ActiveCfg = Debug|Any CPU
		{7E90B326-492E-4BAF-AA72-F897E2E276F3}.Debug|x86.Build.0 = Debug|Any CPU
		{7E90B326-492E-4BAF-AA72-F897E2E276F3}.Release|Any CPU.ActiveCfg = Release|Any CPU
		{7E90B326-492E-4BAF-AA72-F897E2E276F3}.Release|Any CPU.Build.0 = Release|Any CPU
		{7E90B326-492E-4BAF-AA72-F897E2E276F3}.Release|x64.ActiveCfg = Release|Any CPU
		{7E90B326-492E-4BAF-AA72-F897E2E276F3}.Release|x64.Build.0 = Release|Any CPU
		{7E90B326-492E-4BAF-AA72-F897E2E276F3}.Release|x86.ActiveCfg = Release|Any CPU
		{7E90B326-492E-4BAF-AA72-F897E2E276F3}.Release|x86.Build.0 = Release|Any CPU
		{8BBEB677-B71C-47BD-9FC9-4210476F54C4}.Debug|Any CPU.ActiveCfg = Debug|Any CPU
		{8BBEB677-B71C-47BD-9FC9-4210476F54C4}.Debug|Any CPU.Build.0 = Debug|Any CPU
		{8BBEB677-B71C-47BD-9FC9-4210476F54C4}.Debug|x64.ActiveCfg = Debug|Any CPU
		{8BBEB677-B71C-47BD-9FC9-4210476F54C4}.Debug|x64.Build.0 = Debug|Any CPU
		{8BBEB677-B71C-47BD-9FC9-4210476F54C4}.Debug|x86.ActiveCfg = Debug|Any CPU
		{8BBEB677-B71C-47BD-9FC9-4210476F54C4}.Debug|x86.Build.0 = Debug|Any CPU
		{8BBEB677-B71C-47BD-9FC9-4210476F54C4}.Release|Any CPU.ActiveCfg = Release|Any CPU
		{8BBEB677-B71C-47BD-9FC9-4210476F54C4}.Release|Any CPU.Build.0 = Release|Any CPU
		{8BBEB677-B71C-47BD-9FC9-4210476F54C4}.Release|x64.ActiveCfg = Release|Any CPU
		{8BBEB677-B71C-47BD-9FC9-4210476F54C4}.Release|x64.Build.0 = Release|Any CPU
		{8BBEB677-B71C-47BD-9FC9-4210476F54C4}.Release|x86.ActiveCfg = Release|Any CPU
		{8BBEB677-B71C-47BD-9FC9-4210476F54C4}.Release|x86.Build.0 = Release|Any CPU
		{6215B456-FE9C-424F-A71D-61F70D3A34FB}.Debug|Any CPU.ActiveCfg = Debug|Any CPU
		{6215B456-FE9C-424F-A71D-61F70D3A34FB}.Debug|Any CPU.Build.0 = Debug|Any CPU
		{6215B456-FE9C-424F-A71D-61F70D3A34FB}.Debug|x64.ActiveCfg = Debug|Any CPU
		{6215B456-FE9C-424F-A71D-61F70D3A34FB}.Debug|x64.Build.0 = Debug|Any CPU
		{6215B456-FE9C-424F-A71D-61F70D3A34FB}.Debug|x86.ActiveCfg = Debug|Any CPU
		{6215B456-FE9C-424F-A71D-61F70D3A34FB}.Debug|x86.Build.0 = Debug|Any CPU
		{6215B456-FE9C-424F-A71D-61F70D3A34FB}.Release|Any CPU.ActiveCfg = Release|Any CPU
		{6215B456-FE9C-424F-A71D-61F70D3A34FB}.Release|Any CPU.Build.0 = Release|Any CPU
		{6215B456-FE9C-424F-A71D-61F70D3A34FB}.Release|x64.ActiveCfg = Release|Any CPU
		{6215B456-FE9C-424F-A71D-61F70D3A34FB}.Release|x64.Build.0 = Release|Any CPU
		{6215B456-FE9C-424F-A71D-61F70D3A34FB}.Release|x86.ActiveCfg = Release|Any CPU
		{6215B456-FE9C-424F-A71D-61F70D3A34FB}.Release|x86.Build.0 = Release|Any CPU
		{8108943B-20A2-4240-BDC1-0B6DBD825F3C}.Debug|Any CPU.ActiveCfg = Debug|Any CPU
		{8108943B-20A2-4240-BDC1-0B6DBD825F3C}.Debug|Any CPU.Build.0 = Debug|Any CPU
		{8108943B-20A2-4240-BDC1-0B6DBD825F3C}.Debug|x64.ActiveCfg = Debug|Any CPU
		{8108943B-20A2-4240-BDC1-0B6DBD825F3C}.Debug|x64.Build.0 = Debug|Any CPU
		{8108943B-20A2-4240-BDC1-0B6DBD825F3C}.Debug|x86.ActiveCfg = Debug|Any CPU
		{8108943B-20A2-4240-BDC1-0B6DBD825F3C}.Debug|x86.Build.0 = Debug|Any CPU
		{8108943B-20A2-4240-BDC1-0B6DBD825F3C}.Release|Any CPU.ActiveCfg = Release|Any CPU
		{8108943B-20A2-4240-BDC1-0B6DBD825F3C}.Release|Any CPU.Build.0 = Release|Any CPU
		{8108943B-20A2-4240-BDC1-0B6DBD825F3C}.Release|x64.ActiveCfg = Release|Any CPU
		{8108943B-20A2-4240-BDC1-0B6DBD825F3C}.Release|x64.Build.0 = Release|Any CPU
		{8108943B-20A2-4240-BDC1-0B6DBD825F3C}.Release|x86.ActiveCfg = Release|Any CPU
		{8108943B-20A2-4240-BDC1-0B6DBD825F3C}.Release|x86.Build.0 = Release|Any CPU
		{3507BD44-0DED-4D73-A428-7BB0007B2213}.Debug|Any CPU.ActiveCfg = Debug|Any CPU
		{3507BD44-0DED-4D73-A428-7BB0007B2213}.Debug|Any CPU.Build.0 = Debug|Any CPU
		{3507BD44-0DED-4D73-A428-7BB0007B2213}.Debug|x64.ActiveCfg = Debug|Any CPU
		{3507BD44-0DED-4D73-A428-7BB0007B2213}.Debug|x64.Build.0 = Debug|Any CPU
		{3507BD44-0DED-4D73-A428-7BB0007B2213}.Debug|x86.ActiveCfg = Debug|Any CPU
		{3507BD44-0DED-4D73-A428-7BB0007B2213}.Debug|x86.Build.0 = Debug|Any CPU
		{3507BD44-0DED-4D73-A428-7BB0007B2213}.Release|Any CPU.ActiveCfg = Release|Any CPU
		{3507BD44-0DED-4D73-A428-7BB0007B2213}.Release|Any CPU.Build.0 = Release|Any CPU
		{3507BD44-0DED-4D73-A428-7BB0007B2213}.Release|x64.ActiveCfg = Release|Any CPU
		{3507BD44-0DED-4D73-A428-7BB0007B2213}.Release|x64.Build.0 = Release|Any CPU
		{3507BD44-0DED-4D73-A428-7BB0007B2213}.Release|x86.ActiveCfg = Release|Any CPU
		{3507BD44-0DED-4D73-A428-7BB0007B2213}.Release|x86.Build.0 = Release|Any CPU
		{AA13F208-6654-45D0-AB03-494A6E1F3A3F}.Debug|Any CPU.ActiveCfg = Debug|Any CPU
		{AA13F208-6654-45D0-AB03-494A6E1F3A3F}.Debug|Any CPU.Build.0 = Debug|Any CPU
		{AA13F208-6654-45D0-AB03-494A6E1F3A3F}.Debug|x64.ActiveCfg = Debug|Any CPU
		{AA13F208-6654-45D0-AB03-494A6E1F3A3F}.Debug|x64.Build.0 = Debug|Any CPU
		{AA13F208-6654-45D0-AB03-494A6E1F3A3F}.Debug|x86.ActiveCfg = Debug|Any CPU
		{AA13F208-6654-45D0-AB03-494A6E1F3A3F}.Debug|x86.Build.0 = Debug|Any CPU
		{AA13F208-6654-45D0-AB03-494A6E1F3A3F}.Release|Any CPU.ActiveCfg = Release|Any CPU
		{AA13F208-6654-45D0-AB03-494A6E1F3A3F}.Release|Any CPU.Build.0 = Release|Any CPU
		{AA13F208-6654-45D0-AB03-494A6E1F3A3F}.Release|x64.ActiveCfg = Release|Any CPU
		{AA13F208-6654-45D0-AB03-494A6E1F3A3F}.Release|x64.Build.0 = Release|Any CPU
		{AA13F208-6654-45D0-AB03-494A6E1F3A3F}.Release|x86.ActiveCfg = Release|Any CPU
		{AA13F208-6654-45D0-AB03-494A6E1F3A3F}.Release|x86.Build.0 = Release|Any CPU
		{4EDCAA10-21C7-4F0F-863F-53262D569FEB}.Debug|Any CPU.ActiveCfg = Debug|Any CPU
		{4EDCAA10-21C7-4F0F-863F-53262D569FEB}.Debug|Any CPU.Build.0 = Debug|Any CPU
		{4EDCAA10-21C7-4F0F-863F-53262D569FEB}.Debug|x64.ActiveCfg = Debug|Any CPU
		{4EDCAA10-21C7-4F0F-863F-53262D569FEB}.Debug|x64.Build.0 = Debug|Any CPU
		{4EDCAA10-21C7-4F0F-863F-53262D569FEB}.Debug|x86.ActiveCfg = Debug|Any CPU
		{4EDCAA10-21C7-4F0F-863F-53262D569FEB}.Debug|x86.Build.0 = Debug|Any CPU
		{4EDCAA10-21C7-4F0F-863F-53262D569FEB}.Release|Any CPU.ActiveCfg = Release|Any CPU
		{4EDCAA10-21C7-4F0F-863F-53262D569FEB}.Release|Any CPU.Build.0 = Release|Any CPU
		{4EDCAA10-21C7-4F0F-863F-53262D569FEB}.Release|x64.ActiveCfg = Release|Any CPU
		{4EDCAA10-21C7-4F0F-863F-53262D569FEB}.Release|x64.Build.0 = Release|Any CPU
		{4EDCAA10-21C7-4F0F-863F-53262D569FEB}.Release|x86.ActiveCfg = Release|Any CPU
		{4EDCAA10-21C7-4F0F-863F-53262D569FEB}.Release|x86.Build.0 = Release|Any CPU
		{BCE8CAC9-38CB-4A5B-A0FA-4892FC911C4F}.Debug|Any CPU.ActiveCfg = Debug|Any CPU
		{BCE8CAC9-38CB-4A5B-A0FA-4892FC911C4F}.Debug|Any CPU.Build.0 = Debug|Any CPU
		{BCE8CAC9-38CB-4A5B-A0FA-4892FC911C4F}.Debug|x64.ActiveCfg = Debug|Any CPU
		{BCE8CAC9-38CB-4A5B-A0FA-4892FC911C4F}.Debug|x64.Build.0 = Debug|Any CPU
		{BCE8CAC9-38CB-4A5B-A0FA-4892FC911C4F}.Debug|x86.ActiveCfg = Debug|Any CPU
		{BCE8CAC9-38CB-4A5B-A0FA-4892FC911C4F}.Debug|x86.Build.0 = Debug|Any CPU
		{BCE8CAC9-38CB-4A5B-A0FA-4892FC911C4F}.Release|Any CPU.ActiveCfg = Release|Any CPU
		{BCE8CAC9-38CB-4A5B-A0FA-4892FC911C4F}.Release|Any CPU.Build.0 = Release|Any CPU
		{BCE8CAC9-38CB-4A5B-A0FA-4892FC911C4F}.Release|x64.ActiveCfg = Release|Any CPU
		{BCE8CAC9-38CB-4A5B-A0FA-4892FC911C4F}.Release|x64.Build.0 = Release|Any CPU
		{BCE8CAC9-38CB-4A5B-A0FA-4892FC911C4F}.Release|x86.ActiveCfg = Release|Any CPU
		{BCE8CAC9-38CB-4A5B-A0FA-4892FC911C4F}.Release|x86.Build.0 = Release|Any CPU
		{4713E1BB-E493-44A6-9807-3B1EA5AC7817}.Debug|Any CPU.ActiveCfg = Debug|Any CPU
		{4713E1BB-E493-44A6-9807-3B1EA5AC7817}.Debug|Any CPU.Build.0 = Debug|Any CPU
		{4713E1BB-E493-44A6-9807-3B1EA5AC7817}.Debug|x64.ActiveCfg = Debug|Any CPU
		{4713E1BB-E493-44A6-9807-3B1EA5AC7817}.Debug|x64.Build.0 = Debug|Any CPU
		{4713E1BB-E493-44A6-9807-3B1EA5AC7817}.Debug|x86.ActiveCfg = Debug|Any CPU
		{4713E1BB-E493-44A6-9807-3B1EA5AC7817}.Debug|x86.Build.0 = Debug|Any CPU
		{4713E1BB-E493-44A6-9807-3B1EA5AC7817}.Release|Any CPU.ActiveCfg = Release|Any CPU
		{4713E1BB-E493-44A6-9807-3B1EA5AC7817}.Release|Any CPU.Build.0 = Release|Any CPU
		{4713E1BB-E493-44A6-9807-3B1EA5AC7817}.Release|x64.ActiveCfg = Release|Any CPU
		{4713E1BB-E493-44A6-9807-3B1EA5AC7817}.Release|x64.Build.0 = Release|Any CPU
		{4713E1BB-E493-44A6-9807-3B1EA5AC7817}.Release|x86.ActiveCfg = Release|Any CPU
		{4713E1BB-E493-44A6-9807-3B1EA5AC7817}.Release|x86.Build.0 = Release|Any CPU
		{A6BC5410-4DA0-4CF6-A850-93E83DCCE8C7}.Debug|Any CPU.ActiveCfg = Debug|Any CPU
		{A6BC5410-4DA0-4CF6-A850-93E83DCCE8C7}.Debug|Any CPU.Build.0 = Debug|Any CPU
		{A6BC5410-4DA0-4CF6-A850-93E83DCCE8C7}.Debug|x64.ActiveCfg = Debug|Any CPU
		{A6BC5410-4DA0-4CF6-A850-93E83DCCE8C7}.Debug|x64.Build.0 = Debug|Any CPU
		{A6BC5410-4DA0-4CF6-A850-93E83DCCE8C7}.Debug|x86.ActiveCfg = Debug|Any CPU
		{A6BC5410-4DA0-4CF6-A850-93E83DCCE8C7}.Debug|x86.Build.0 = Debug|Any CPU
		{A6BC5410-4DA0-4CF6-A850-93E83DCCE8C7}.Release|Any CPU.ActiveCfg = Release|Any CPU
		{A6BC5410-4DA0-4CF6-A850-93E83DCCE8C7}.Release|Any CPU.Build.0 = Release|Any CPU
		{A6BC5410-4DA0-4CF6-A850-93E83DCCE8C7}.Release|x64.ActiveCfg = Release|Any CPU
		{A6BC5410-4DA0-4CF6-A850-93E83DCCE8C7}.Release|x64.Build.0 = Release|Any CPU
		{A6BC5410-4DA0-4CF6-A850-93E83DCCE8C7}.Release|x86.ActiveCfg = Release|Any CPU
		{A6BC5410-4DA0-4CF6-A850-93E83DCCE8C7}.Release|x86.Build.0 = Release|Any CPU
		{4F02FFF1-5704-479E-91DD-B806730584D5}.Debug|Any CPU.ActiveCfg = Debug|Any CPU
		{4F02FFF1-5704-479E-91DD-B806730584D5}.Debug|Any CPU.Build.0 = Debug|Any CPU
		{4F02FFF1-5704-479E-91DD-B806730584D5}.Debug|x64.ActiveCfg = Debug|Any CPU
		{4F02FFF1-5704-479E-91DD-B806730584D5}.Debug|x64.Build.0 = Debug|Any CPU
		{4F02FFF1-5704-479E-91DD-B806730584D5}.Debug|x86.ActiveCfg = Debug|Any CPU
		{4F02FFF1-5704-479E-91DD-B806730584D5}.Debug|x86.Build.0 = Debug|Any CPU
		{4F02FFF1-5704-479E-91DD-B806730584D5}.Release|Any CPU.ActiveCfg = Release|Any CPU
		{4F02FFF1-5704-479E-91DD-B806730584D5}.Release|Any CPU.Build.0 = Release|Any CPU
		{4F02FFF1-5704-479E-91DD-B806730584D5}.Release|x64.ActiveCfg = Release|Any CPU
		{4F02FFF1-5704-479E-91DD-B806730584D5}.Release|x64.Build.0 = Release|Any CPU
		{4F02FFF1-5704-479E-91DD-B806730584D5}.Release|x86.ActiveCfg = Release|Any CPU
		{4F02FFF1-5704-479E-91DD-B806730584D5}.Release|x86.Build.0 = Release|Any CPU
		{928F4F51-7661-4867-9568-712B4F441B05}.Debug|Any CPU.ActiveCfg = Debug|Any CPU
		{928F4F51-7661-4867-9568-712B4F441B05}.Debug|Any CPU.Build.0 = Debug|Any CPU
		{928F4F51-7661-4867-9568-712B4F441B05}.Debug|x64.ActiveCfg = Debug|Any CPU
		{928F4F51-7661-4867-9568-712B4F441B05}.Debug|x64.Build.0 = Debug|Any CPU
		{928F4F51-7661-4867-9568-712B4F441B05}.Debug|x86.ActiveCfg = Debug|Any CPU
		{928F4F51-7661-4867-9568-712B4F441B05}.Debug|x86.Build.0 = Debug|Any CPU
		{928F4F51-7661-4867-9568-712B4F441B05}.Release|Any CPU.ActiveCfg = Release|Any CPU
		{928F4F51-7661-4867-9568-712B4F441B05}.Release|Any CPU.Build.0 = Release|Any CPU
		{928F4F51-7661-4867-9568-712B4F441B05}.Release|x64.ActiveCfg = Release|Any CPU
		{928F4F51-7661-4867-9568-712B4F441B05}.Release|x64.Build.0 = Release|Any CPU
		{928F4F51-7661-4867-9568-712B4F441B05}.Release|x86.ActiveCfg = Release|Any CPU
		{928F4F51-7661-4867-9568-712B4F441B05}.Release|x86.Build.0 = Release|Any CPU
	EndGlobalSection
	GlobalSection(SolutionProperties) = preSolution
		HideSolutionNode = FALSE
	EndGlobalSection
	GlobalSection(NestedProjects) = preSolution
		{A1B2C3D4-0001-0001-0001-000000000001} = {969CE16F-65FD-4301-A916-0C128FB84EA5}
		{A1B2C3D4-0001-0001-0001-000000000002} = {969CE16F-65FD-4301-A916-0C128FB84EA5}
		{A1B2C3D4-0001-0001-0001-000000000003} = {969CE16F-65FD-4301-A916-0C128FB84EA5}
		{A1B2C3D4-0001-0001-0001-000000000004} = {969CE16F-65FD-4301-A916-0C128FB84EA5}
		{A1B2C3D4-0001-0001-0001-000000000005} = {969CE16F-65FD-4301-A916-0C128FB84EA5}
		{A1B2C3D4-0001-0001-0001-000000000006} = {969CE16F-65FD-4301-A916-0C128FB84EA5}
		{A1B2C3D4-0001-0001-0001-000000000008} = {969CE16F-65FD-4301-A916-0C128FB84EA5}
		{B1B2C3D4-0001-0001-0001-000000000001} = {5897687E-62CC-4170-B568-E63F0CA9FF13}
		{B1B2C3D4-0001-0001-0001-000000000002} = {5897687E-62CC-4170-B568-E63F0CA9FF13}
		{B1B2C3D4-0001-0001-0001-000000000003} = {5897687E-62CC-4170-B568-E63F0CA9FF13}
		{B1B2C3D4-0001-0001-0001-000000000005} = {5897687E-62CC-4170-B568-E63F0CA9FF13}
		{B1B2C3D4-0001-0001-0001-000000000007} = {5897687E-62CC-4170-B568-E63F0CA9FF13}
		{00000001-0001-0001-0001-000000000001} = {969CE16F-65FD-4301-A916-0C128FB84EA5}
		{00000001-0001-0001-0001-000000000002} = {A1B2C3D4-0001-0001-0001-000000000001}
		{00000001-0001-0001-0001-000000000003} = {A1B2C3D4-0001-0001-0001-000000000001}
		{00000001-0001-0001-0001-000000000004} = {A1B2C3D4-0001-0001-0001-000000000002}
		{00000001-0001-0001-0001-000000000005} = {A1B2C3D4-0001-0001-0001-000000000002}
		{00000001-0001-0001-0001-000000000006} = {A1B2C3D4-0001-0001-0001-000000000002}
		{00000001-0001-0001-0001-000000000007} = {A1B2C3D4-0001-0001-0001-000000000003}
		{00000001-0001-0001-0001-000000000008} = {A1B2C3D4-0001-0001-0001-000000000003}
		{00000001-0001-0001-0001-000000000009} = {A1B2C3D4-0001-0001-0001-000000000003}
		{00000001-0001-0001-0001-00000000000A} = {A1B2C3D4-0001-0001-0001-000000000004}
		{00000001-0001-0001-0001-00000000000B} = {A1B2C3D4-0001-0001-0001-000000000004}
		{00000001-0001-0001-0001-00000000000C} = {A1B2C3D4-0001-0001-0001-000000000004}
		{00000001-0001-0001-0001-00000000000D} = {A1B2C3D4-0001-0001-0001-000000000005}
		{00000001-0001-0001-0001-00000000000E} = {A1B2C3D4-0001-0001-0001-000000000005}
		{00000001-0001-0001-0001-00000000000F} = {A1B2C3D4-0001-0001-0001-000000000005}
		{00000002-0001-0001-0001-000000000001} = {A1B2C3D4-0001-0001-0001-000000000006}
		{00000002-0001-0001-0001-000000000002} = {A1B2C3D4-0001-0001-0001-000000000006}
		{00000002-0001-0001-0001-000000000003} = {A1B2C3D4-0001-0001-0001-000000000006}
		{00000002-0001-0001-0001-000000000007} = {A1B2C3D4-0001-0001-0001-000000000008}
		{00000002-0001-0001-0001-000000000008} = {A1B2C3D4-0001-0001-0001-000000000008}
		{00000002-0001-0001-0001-000000000009} = {A1B2C3D4-0001-0001-0001-000000000008}
		{00000001-0001-0001-0001-000000000010} = {B1B2C3D4-0001-0001-0001-000000000001}
		{00000003-0001-0001-0001-000000000001} = {B1B2C3D4-0001-0001-0001-000000000001}
		{00000001-0001-0001-0001-000000000011} = {B1B2C3D4-0001-0001-0001-000000000002}
		{00000003-0001-0001-0001-000000000002} = {B1B2C3D4-0001-0001-0001-000000000002}
		{00000001-0001-0001-0001-000000000012} = {B1B2C3D4-0001-0001-0001-000000000003}
		{00000003-0001-0001-0001-000000000005} = {B1B2C3D4-0001-0001-0001-000000000005}
		{00000003-0001-0001-0001-000000000006} = {B1B2C3D4-0001-0001-0001-000000000005}
		{00000003-0001-0001-0001-000000000008} = {B1B2C3D4-0001-0001-0001-000000000007}
		{0CD5DD32-7880-49E4-AFC5-9A8E210FFE3F} = {881589EE-639B-0A35-DBCE-5D94E4FC90C0}
		{F28FC9FA-E62C-431A-8846-18F3291E8BCF} = {5897687E-62CC-4170-B568-E63F0CA9FF13}
		{F3846736-565B-9EA7-873C-5ACF842A7768} = {827E0CD3-B72D-47B6-A68D-7590B98EB39B}
		{45AF11A8-0EE8-4F26-B3BC-8BD42FAE8A46} = {F3846736-565B-9EA7-873C-5ACF842A7768}
		{74A5996D-145A-44EC-8BB9-466C685F7D9B} = {F3846736-565B-9EA7-873C-5ACF842A7768}
		{5B0D5FFC-9F8D-4177-AE7D-3E5888FB7356} = {5897687E-62CC-4170-B568-E63F0CA9FF13}
		{9E6FAD30-692E-4A3E-8F65-E9B8B0BAB6CD} = {827E0CD3-B72D-47B6-A68D-7590B98EB39B}
		{A1C051A0-96AB-4BF4-9F73-DE5109CC81EE} = {9E6FAD30-692E-4A3E-8F65-E9B8B0BAB6CD}
		{BFF2DF6E-AA54-47C7-211F-79ACCBB4577C} = {827E0CD3-B72D-47B6-A68D-7590B98EB39B}
		{A4781A47-A322-4986-828C-BA0E6D668E75} = {9E6FAD30-692E-4A3E-8F65-E9B8B0BAB6CD}
		{F8FC0306-0208-4642-96FF-8D46CB6473C2} = {9E6FAD30-692E-4A3E-8F65-E9B8B0BAB6CD}
		{2029CC9A-DA29-4EE7-8425-28D88069AC4C} = {BFF2DF6E-AA54-47C7-211F-79ACCBB4577C}
		{A44C15E2-2240-4AA6-A3A1-2085E65CA940} = {BFF2DF6E-AA54-47C7-211F-79ACCBB4577C}
		{FDDC09EE-96C9-4F4D-8D49-C2780F6E3EA0} = {F3846736-565B-9EA7-873C-5ACF842A7768}
		{BCE9CCD4-374A-45D1-B416-A777FEB43771} = {3D40F055-384E-DE04-BB81-B7972E166B19}
		{7E90B326-492E-4BAF-AA72-F897E2E276F3} = {3D40F055-384E-DE04-BB81-B7972E166B19}
		{8BBEB677-B71C-47BD-9FC9-4210476F54C4} = {3D40F055-384E-DE04-BB81-B7972E166B19}
		{6215B456-FE9C-424F-A71D-61F70D3A34FB} = {3D40F055-384E-DE04-BB81-B7972E166B19}
		{8108943B-20A2-4240-BDC1-0B6DBD825F3C} = {3D40F055-384E-DE04-BB81-B7972E166B19}
		{0D1ABEEB-E0AE-F2A4-D9AA-CFF3262AEDF2} = {827E0CD3-B72D-47B6-A68D-7590B98EB39B}
		{3507BD44-0DED-4D73-A428-7BB0007B2213} = {0D1ABEEB-E0AE-F2A4-D9AA-CFF3262AEDF2}
		{AA13F208-6654-45D0-AB03-494A6E1F3A3F} = {0D1ABEEB-E0AE-F2A4-D9AA-CFF3262AEDF2}
		{4EDCAA10-21C7-4F0F-863F-53262D569FEB} = {0D1ABEEB-E0AE-F2A4-D9AA-CFF3262AEDF2}
		{60F8C46A-F32D-BE63-A7A0-43DD10EE6710} = {827E0CD3-B72D-47B6-A68D-7590B98EB39B}
		{E5D6EA82-A653-7C5B-7422-19243A5EB520} = {5897687E-62CC-4170-B568-E63F0CA9FF13}
		{BCE8CAC9-38CB-4A5B-A0FA-4892FC911C4F} = {60F8C46A-F32D-BE63-A7A0-43DD10EE6710}
		{4713E1BB-E493-44A6-9807-3B1EA5AC7817} = {E5D6EA82-A653-7C5B-7422-19243A5EB520}
		{9DFD235D-26BF-3709-B283-D6F022DF8F5B} = {5897687E-62CC-4170-B568-E63F0CA9FF13}
		{A6BC5410-4DA0-4CF6-A850-93E83DCCE8C7} = {9DFD235D-26BF-3709-B283-D6F022DF8F5B}
		{4F02FFF1-5704-479E-91DD-B806730584D5} = {9DFD235D-26BF-3709-B283-D6F022DF8F5B}
		{928F4F51-7661-4867-9568-712B4F441B05} = {3D40F055-384E-DE04-BB81-B7972E166B19}
	EndGlobalSection
EndGlobal
